
Microsoft Visual Studio Solution File, Format Version 10.00
# Visual C++ Express 2008
Project("{8BC9CEB8-8B4A-11D0-8D11-00A0C91BC942}") = "emergeFolders", "emergeFolders.vcproj", "{3C8A1F5A-AF6B-42B9-BA87-C3D0CE6B48B5}"
EndProject
Global
	GlobalSection(SolutionConfigurationPlatforms) = preSolution
		Debug|Win32 = Debug|Win32
		Release|Win32 = Release|Win32
	EndGlobalSection
	GlobalSection(ProjectConfigurationPlatforms) = postSolution
		{3C8A1F5A-AF6B-42B9-BA87-C3D0CE6B48B5}.Debug|Win32.ActiveCfg = Debug|Win32
		{3C8A1F5A-AF6B-42B9-BA87-C3D0CE6B48B5}.Debug|Win32.Build.0 = Debug|Win32
		{3C8A1F5A-AF6B-42B9-BA87-C3D0CE6B48B5}.Release|Win32.ActiveCfg = Release|Win32
		{3C8A1F5A-AF6B-42B9-BA87-C3D0CE6B48B5}.Release|Win32.Build.0 = Release|Win32
	EndGlobalSection
	GlobalSection(SolutionProperties) = preSolution
		HideSolutionNode = FALSE
	EndGlobalSection
EndGlobal
