<?xml version="1.0" encoding="UTF-8" standalone="yes" ?>
<CodeBlocks_project_file>
	<FileVersion major="1" minor="6" />
	<Project>
		<Option title="emergeStyleEngine" />
		<Option pch_mode="2" />
		<Option compiler="gcc" />
		<Build>
			<Target title="Debug">
				<Option output="..\bin\emergeStyleEngine" prefix_auto="1" extension_auto="1" />
				<Option object_output="obj\Debug\" />
				<Option type="3" />
				<Option compiler="gcc" />
				<Option createDefFile="1" />
				<Option createStaticLib="1" />
				<Compiler>
					<Add option="-Wall" />
					<Add option="-g" />
				</Compiler>
			</Target>
			<Target title="Release">
				<Option output="..\bin\emergeStyleEngine" prefix_auto="1" extension_auto="1" />
				<Option object_output="obj\Release\" />
				<Option type="3" />
				<Option compiler="gcc" />
				<Option createDefFile="1" />
				<Option createStaticLib="1" />
				<Compiler>
					<Add option="-O2" />
					<Add option="-Wall" />
				</Compiler>
				<Linker>
					<Add option="-s" />
				</Linker>
			</Target>
		</Build>
		<Compiler>
			<Add option="-pedantic-errors" />
			<Add option="-Wfatal-errors" />
			<Add option="-Wextra" />
			<Add option="-Wall" />
			<Add option="-DEMERGESTYLEENGINE_EXPORTS" />
		</Compiler>
		<Linker>
			<Add option="-L..\bin" />
			<Add library="emergeGraphics" />
			<Add library="gdi32" />
			<Add library="emergeLib" />
			<Add library="shlwapi" />
			<Add library="comdlg32" />
		</Linker>
		<Unit filename="StyleEditor.cpp" />
		<Unit filename="StyleEditor.h" />
		<Unit filename="emergeStyleEngine.h" />
		<Unit filename="emergeStyleEngine.rc">
			<Option compilerVar="WINDRES" />
		</Unit>
		<Unit filename="main.cpp" />
		<Unit filename="main.h" />
		<Unit filename="resource.h" />
		<Extensions>
			<code_completion />
			<envvars />
			<debugger />
		</Extensions>
	</Project>
</CodeBlocks_project_file>
