
Microsoft Visual Studio Solution File, Format Version 10.00
# Visual Studio 2008
Project("{8BC9CEB8-8B4A-11D0-8D11-00A0C91BC942}") = "emergeLib", "emergeLib\emergeLib-express.vcproj", "{7A35311A-8373-4BC8-84A4-2CB88D50AA84}"
EndProject
Project("{8BC9CEB8-8B4A-11D0-8D11-00A0C91BC942}") = "emergeGraphics", "emergeGraphics\emergeGraphics-express.vcproj", "{C54398FD-EBE7-40E0-AC9A-FF8015E5CA46}"
	ProjectSection(ProjectDependencies) = postProject
		{7A35311A-8373-4BC8-84A4-2CB88D50AA84} = {7A35311A-8373-4BC8-84A4-2CB88D50AA84}
	EndProjectSection
EndProject
Project("{8BC9CEB8-8B4A-11D0-8D11-00A0C91BC942}") = "emergeAppletEngine", "emergeAppletEngine\emergeAppletEngine-express.vcproj", "{3091D13D-FC64-408B-9433-C9EDDCD5C694}"
	ProjectSection(ProjectDependencies) = postProject
		{7A35311A-8373-4BC8-84A4-2CB88D50AA84} = {7A35311A-8373-4BC8-84A4-2CB88D50AA84}
	EndProjectSection
EndProject
Project("{8BC9CEB8-8B4A-11D0-8D11-00A0C91BC942}") = "emergeBaseClasses", "emergeBaseClasses\emergeBaseClasses-express.vcproj", "{5FF3BAA0-7F47-48E7-9E2E-202248EFFC62}"
	ProjectSection(ProjectDependencies) = postProject
		{7A35311A-8373-4BC8-84A4-2CB88D50AA84} = {7A35311A-8373-4BC8-84A4-2CB88D50AA84}
		{3091D13D-FC64-408B-9433-C9EDDCD5C694} = {3091D13D-FC64-408B-9433-C9EDDCD5C694}
		{F6EC8FA7-7247-4BE8-BC1D-BD8C9B627F42} = {F6EC8FA7-7247-4BE8-BC1D-BD8C9B627F42}
		{C54398FD-EBE7-40E0-AC9A-FF8015E5CA46} = {C54398FD-EBE7-40E0-AC9A-FF8015E5CA46}
	EndProjectSection
EndProject
Project("{8BC9CEB8-8B4A-11D0-8D11-00A0C91BC942}") = "emergeCommand", "emergeCommand\emergeCommand-express.vcproj", "{A7BF648B-4CAE-4ED4-A301-472C9F0068EB}"
	ProjectSection(ProjectDependencies) = postProject
		{7A35311A-8373-4BC8-84A4-2CB88D50AA84} = {7A35311A-8373-4BC8-84A4-2CB88D50AA84}
		{3091D13D-FC64-408B-9433-C9EDDCD5C694} = {3091D13D-FC64-408B-9433-C9EDDCD5C694}
		{5FF3BAA0-7F47-48E7-9E2E-202248EFFC62} = {5FF3BAA0-7F47-48E7-9E2E-202248EFFC62}
		{C54398FD-EBE7-40E0-AC9A-FF8015E5CA46} = {C54398FD-EBE7-40E0-AC9A-FF8015E5CA46}
	EndProjectSection
EndProject
Project("{8BC9CEB8-8B4A-11D0-8D11-00A0C91BC942}") = "emergeCore", "emergeCore\emergeCore-express.vcproj", "{F1604F14-037C-46EE-9AD1-86F55E44C221}"
	ProjectSection(ProjectDependencies) = postProject
		{7A35311A-8373-4BC8-84A4-2CB88D50AA84} = {7A35311A-8373-4BC8-84A4-2CB88D50AA84}
		{5FF3BAA0-7F47-48E7-9E2E-202248EFFC62} = {5FF3BAA0-7F47-48E7-9E2E-202248EFFC62}
	EndProjectSection
EndProject
Project("{8BC9CEB8-8B4A-11D0-8D11-00A0C91BC942}") = "emergeDesktop", "emergeDesktop\emergeDesktop-express.vcproj", "{B7F53475-F82F-48B5-8C39-C3CAACFD1BD1}"
	ProjectSection(ProjectDependencies) = postProject
		{7A35311A-8373-4BC8-84A4-2CB88D50AA84} = {7A35311A-8373-4BC8-84A4-2CB88D50AA84}
		{5FF3BAA0-7F47-48E7-9E2E-202248EFFC62} = {5FF3BAA0-7F47-48E7-9E2E-202248EFFC62}
		{C54398FD-EBE7-40E0-AC9A-FF8015E5CA46} = {C54398FD-EBE7-40E0-AC9A-FF8015E5CA46}
	EndProjectSection
EndProject
Project("{8BC9CEB8-8B4A-11D0-8D11-00A0C91BC942}") = "emergeHotkeys", "emergeHotkeys\emergeHotkeys-express.vcproj", "{9BD6886D-3FE5-483B-A5B3-97855C1A91A5}"
	ProjectSection(ProjectDependencies) = postProject
		{7A35311A-8373-4BC8-84A4-2CB88D50AA84} = {7A35311A-8373-4BC8-84A4-2CB88D50AA84}
		{3091D13D-FC64-408B-9433-C9EDDCD5C694} = {3091D13D-FC64-408B-9433-C9EDDCD5C694}
		{5FF3BAA0-7F47-48E7-9E2E-202248EFFC62} = {5FF3BAA0-7F47-48E7-9E2E-202248EFFC62}
	EndProjectSection
EndProject
Project("{8BC9CEB8-8B4A-11D0-8D11-00A0C91BC942}") = "emergeLauncher", "emergeLauncher\emergeLauncher-express.vcproj", "{3C8A1F5A-AF6B-42B9-BA87-C3D0CE6B48B5}"
	ProjectSection(ProjectDependencies) = postProject
		{7A35311A-8373-4BC8-84A4-2CB88D50AA84} = {7A35311A-8373-4BC8-84A4-2CB88D50AA84}
		{3091D13D-FC64-408B-9433-C9EDDCD5C694} = {3091D13D-FC64-408B-9433-C9EDDCD5C694}
		{5FF3BAA0-7F47-48E7-9E2E-202248EFFC62} = {5FF3BAA0-7F47-48E7-9E2E-202248EFFC62}
		{C54398FD-EBE7-40E0-AC9A-FF8015E5CA46} = {C54398FD-EBE7-40E0-AC9A-FF8015E5CA46}
	EndProjectSection
EndProject
Project("{8BC9CEB8-8B4A-11D0-8D11-00A0C91BC942}") = "emergeSchemeEngine", "emergeSchemeEngine\emergeSchemeEngine-express.vcproj", "{F6EC8FA7-7247-4BE8-BC1D-BD8C9B627F42}"
	ProjectSection(ProjectDependencies) = postProject
		{7A35311A-8373-4BC8-84A4-2CB88D50AA84} = {7A35311A-8373-4BC8-84A4-2CB88D50AA84}
		{C54398FD-EBE7-40E0-AC9A-FF8015E5CA46} = {C54398FD-EBE7-40E0-AC9A-FF8015E5CA46}
	EndProjectSection
EndProject
Project("{8BC9CEB8-8B4A-11D0-8D11-00A0C91BC942}") = "emergeTasks", "emergeTasks\emergeTasks-express.vcproj", "{392BC1A3-EF8F-46FE-A0C1-528A30D5609F}"
	ProjectSection(ProjectDependencies) = postProject
		{7A35311A-8373-4BC8-84A4-2CB88D50AA84} = {7A35311A-8373-4BC8-84A4-2CB88D50AA84}
		{3091D13D-FC64-408B-9433-C9EDDCD5C694} = {3091D13D-FC64-408B-9433-C9EDDCD5C694}
		{5FF3BAA0-7F47-48E7-9E2E-202248EFFC62} = {5FF3BAA0-7F47-48E7-9E2E-202248EFFC62}
		{C54398FD-EBE7-40E0-AC9A-FF8015E5CA46} = {C54398FD-EBE7-40E0-AC9A-FF8015E5CA46}
	EndProjectSection
EndProject
Project("{8BC9CEB8-8B4A-11D0-8D11-00A0C91BC942}") = "emergeTray", "emergeTray\emergeTray-express.vcproj", "{8A20182F-2A22-4458-BBC6-384FB4855D89}"
	ProjectSection(ProjectDependencies) = postProject
		{7A35311A-8373-4BC8-84A4-2CB88D50AA84} = {7A35311A-8373-4BC8-84A4-2CB88D50AA84}
		{3091D13D-FC64-408B-9433-C9EDDCD5C694} = {3091D13D-FC64-408B-9433-C9EDDCD5C694}
		{5FF3BAA0-7F47-48E7-9E2E-202248EFFC62} = {5FF3BAA0-7F47-48E7-9E2E-202248EFFC62}
		{C54398FD-EBE7-40E0-AC9A-FF8015E5CA46} = {C54398FD-EBE7-40E0-AC9A-FF8015E5CA46}
	EndProjectSection
EndProject
Project("{8BC9CEB8-8B4A-11D0-8D11-00A0C91BC942}") = "emergeVWM", "emergeVWM\emergeVWM-express.vcproj", "{DC2C58FC-050C-444A-9593-93C6B79953D7}"
	ProjectSection(ProjectDependencies) = postProject
		{7A35311A-8373-4BC8-84A4-2CB88D50AA84} = {7A35311A-8373-4BC8-84A4-2CB88D50AA84}
		{3091D13D-FC64-408B-9433-C9EDDCD5C694} = {3091D13D-FC64-408B-9433-C9EDDCD5C694}
		{5FF3BAA0-7F47-48E7-9E2E-202248EFFC62} = {5FF3BAA0-7F47-48E7-9E2E-202248EFFC62}
		{C54398FD-EBE7-40E0-AC9A-FF8015E5CA46} = {C54398FD-EBE7-40E0-AC9A-FF8015E5CA46}
	EndProjectSection
EndProject
Project("{8BC9CEB8-8B4A-11D0-8D11-00A0C91BC942}") = "emerge", "emerge\emerge-express.vcproj", "{71F0175A-64D4-4BC2-8503-4517D4AC60B4}"
	ProjectSection(ProjectDependencies) = postProject
		{7A35311A-8373-4BC8-84A4-2CB88D50AA84} = {7A35311A-8373-4BC8-84A4-2CB88D50AA84}
	EndProjectSection
EndProject
Project("{8BC9CEB8-8B4A-11D0-8D11-00A0C91BC942}") = "emergePower", "emergePower\emergePower-express.vcproj", "{E161DCC0-F430-412C-A5D3-FC697FEA1533}"
	ProjectSection(ProjectDependencies) = postProject
		{7A35311A-8373-4BC8-84A4-2CB88D50AA84} = {7A35311A-8373-4BC8-84A4-2CB88D50AA84}
		{3091D13D-FC64-408B-9433-C9EDDCD5C694} = {3091D13D-FC64-408B-9433-C9EDDCD5C694}
		{5FF3BAA0-7F47-48E7-9E2E-202248EFFC62} = {5FF3BAA0-7F47-48E7-9E2E-202248EFFC62}
		{C54398FD-EBE7-40E0-AC9A-FF8015E5CA46} = {C54398FD-EBE7-40E0-AC9A-FF8015E5CA46}
	EndProjectSection
EndProject
Project("{8BC9CEB8-8B4A-11D0-8D11-00A0C91BC942}") = "emergeSysMon", "emergeSysMon\emergeSysMon-express.vcproj", "{E8DEBE82-3C54-4515-9A13-D7D32AC9269B}"
	ProjectSection(ProjectDependencies) = postProject
		{7A35311A-8373-4BC8-84A4-2CB88D50AA84} = {7A35311A-8373-4BC8-84A4-2CB88D50AA84}
		{3091D13D-FC64-408B-9433-C9EDDCD5C694} = {3091D13D-FC64-408B-9433-C9EDDCD5C694}
		{5FF3BAA0-7F47-48E7-9E2E-202248EFFC62} = {5FF3BAA0-7F47-48E7-9E2E-202248EFFC62}
		{C54398FD-EBE7-40E0-AC9A-FF8015E5CA46} = {C54398FD-EBE7-40E0-AC9A-FF8015E5CA46}
	EndProjectSection
EndProject
Project("{8BC9CEB8-8B4A-11D0-8D11-00A0C91BC942}") = "emergeIcons", "emergeIcons\emergeIcons-express.vcproj", "{51280668-414F-4F03-9AA2-7072D65B2408}"
EndProject
Global
	GlobalSection(SolutionConfigurationPlatforms) = preSolution
		Debug|Win32 = Debug|Win32
		Release|Win32 = Release|Win32
	EndGlobalSection
	GlobalSection(ProjectConfigurationPlatforms) = postSolution
		{7A35311A-8373-4BC8-84A4-2CB88D50AA84}.Debug|Win32.ActiveCfg = Debug|Win32
		{7A35311A-8373-4BC8-84A4-2CB88D50AA84}.Debug|Win32.Build.0 = Debug|Win32
		{7A35311A-8373-4BC8-84A4-2CB88D50AA84}.Release|Win32.ActiveCfg = Release|Win32
		{7A35311A-8373-4BC8-84A4-2CB88D50AA84}.Release|Win32.Build.0 = Release|Win32
		{C54398FD-EBE7-40E0-AC9A-FF8015E5CA46}.Debug|Win32.ActiveCfg = Debug|Win32
		{C54398FD-EBE7-40E0-AC9A-FF8015E5CA46}.Debug|Win32.Build.0 = Debug|Win32
		{C54398FD-EBE7-40E0-AC9A-FF8015E5CA46}.Release|Win32.ActiveCfg = Release|Win32
		{C54398FD-EBE7-40E0-AC9A-FF8015E5CA46}.Release|Win32.Build.0 = Release|Win32
		{3091D13D-FC64-408B-9433-C9EDDCD5C694}.Debug|Win32.ActiveCfg = Debug|Win32
		{3091D13D-FC64-408B-9433-C9EDDCD5C694}.Debug|Win32.Build.0 = Debug|Win32
		{3091D13D-FC64-408B-9433-C9EDDCD5C694}.Release|Win32.ActiveCfg = Release|Win32
		{3091D13D-FC64-408B-9433-C9EDDCD5C694}.Release|Win32.Build.0 = Release|Win32
		{5FF3BAA0-7F47-48E7-9E2E-202248EFFC62}.Debug|Win32.ActiveCfg = Debug|Win32
		{5FF3BAA0-7F47-48E7-9E2E-202248EFFC62}.Debug|Win32.Build.0 = Debug|Win32
		{5FF3BAA0-7F47-48E7-9E2E-202248EFFC62}.Release|Win32.ActiveCfg = Release|Win32
		{5FF3BAA0-7F47-48E7-9E2E-202248EFFC62}.Release|Win32.Build.0 = Release|Win32
		{A7BF648B-4CAE-4ED4-A301-472C9F0068EB}.Debug|Win32.ActiveCfg = Debug|Win32
		{A7BF648B-4CAE-4ED4-A301-472C9F0068EB}.Debug|Win32.Build.0 = Debug|Win32
		{A7BF648B-4CAE-4ED4-A301-472C9F0068EB}.Release|Win32.ActiveCfg = Release|Win32
		{A7BF648B-4CAE-4ED4-A301-472C9F0068EB}.Release|Win32.Build.0 = Release|Win32
		{F1604F14-037C-46EE-9AD1-86F55E44C221}.Debug|Win32.ActiveCfg = Debug|Win32
		{F1604F14-037C-46EE-9AD1-86F55E44C221}.Debug|Win32.Build.0 = Debug|Win32
		{F1604F14-037C-46EE-9AD1-86F55E44C221}.Release|Win32.ActiveCfg = Release|Win32
		{F1604F14-037C-46EE-9AD1-86F55E44C221}.Release|Win32.Build.0 = Release|Win32
		{B7F53475-F82F-48B5-8C39-C3CAACFD1BD1}.Debug|Win32.ActiveCfg = Debug|Win32
		{B7F53475-F82F-48B5-8C39-C3CAACFD1BD1}.Debug|Win32.Build.0 = Debug|Win32
		{B7F53475-F82F-48B5-8C39-C3CAACFD1BD1}.Release|Win32.ActiveCfg = Release|Win32
		{B7F53475-F82F-48B5-8C39-C3CAACFD1BD1}.Release|Win32.Build.0 = Release|Win32
		{9BD6886D-3FE5-483B-A5B3-97855C1A91A5}.Debug|Win32.ActiveCfg = Debug|Win32
		{9BD6886D-3FE5-483B-A5B3-97855C1A91A5}.Debug|Win32.Build.0 = Debug|Win32
		{9BD6886D-3FE5-483B-A5B3-97855C1A91A5}.Release|Win32.ActiveCfg = Release|Win32
		{9BD6886D-3FE5-483B-A5B3-97855C1A91A5}.Release|Win32.Build.0 = Release|Win32
		{3C8A1F5A-AF6B-42B9-BA87-C3D0CE6B48B5}.Debug|Win32.ActiveCfg = Debug|Win32
		{3C8A1F5A-AF6B-42B9-BA87-C3D0CE6B48B5}.Debug|Win32.Build.0 = Debug|Win32
		{3C8A1F5A-AF6B-42B9-BA87-C3D0CE6B48B5}.Release|Win32.ActiveCfg = Release|Win32
		{3C8A1F5A-AF6B-42B9-BA87-C3D0CE6B48B5}.Release|Win32.Build.0 = Release|Win32
		{F6EC8FA7-7247-4BE8-BC1D-BD8C9B627F42}.Debug|Win32.ActiveCfg = Debug|Win32
		{F6EC8FA7-7247-4BE8-BC1D-BD8C9B627F42}.Debug|Win32.Build.0 = Debug|Win32
		{F6EC8FA7-7247-4BE8-BC1D-BD8C9B627F42}.Release|Win32.ActiveCfg = Release|Win32
		{F6EC8FA7-7247-4BE8-BC1D-BD8C9B627F42}.Release|Win32.Build.0 = Release|Win32
		{392BC1A3-EF8F-46FE-A0C1-528A30D5609F}.Debug|Win32.ActiveCfg = Debug|Win32
		{392BC1A3-EF8F-46FE-A0C1-528A30D5609F}.Debug|Win32.Build.0 = Debug|Win32
		{392BC1A3-EF8F-46FE-A0C1-528A30D5609F}.Release|Win32.ActiveCfg = Release|Win32
		{392BC1A3-EF8F-46FE-A0C1-528A30D5609F}.Release|Win32.Build.0 = Release|Win32
		{8A20182F-2A22-4458-BBC6-384FB4855D89}.Debug|Win32.ActiveCfg = Debug|Win32
		{8A20182F-2A22-4458-BBC6-384FB4855D89}.Debug|Win32.Build.0 = Debug|Win32
		{8A20182F-2A22-4458-BBC6-384FB4855D89}.Release|Win32.ActiveCfg = Release|Win32
		{8A20182F-2A22-4458-BBC6-384FB4855D89}.Release|Win32.Build.0 = Release|Win32
		{DC2C58FC-050C-444A-9593-93C6B79953D7}.Debug|Win32.ActiveCfg = Debug|Win32
		{DC2C58FC-050C-444A-9593-93C6B79953D7}.Debug|Win32.Build.0 = Debug|Win32
		{DC2C58FC-050C-444A-9593-93C6B79953D7}.Release|Win32.ActiveCfg = Release|Win32
		{DC2C58FC-050C-444A-9593-93C6B79953D7}.Release|Win32.Build.0 = Release|Win32
		{71F0175A-64D4-4BC2-8503-4517D4AC60B4}.Debug|Win32.ActiveCfg = Debug|Win32
		{71F0175A-64D4-4BC2-8503-4517D4AC60B4}.Debug|Win32.Build.0 = Debug|Win32
		{71F0175A-64D4-4BC2-8503-4517D4AC60B4}.Release|Win32.ActiveCfg = Release|Win32
		{71F0175A-64D4-4BC2-8503-4517D4AC60B4}.Release|Win32.Build.0 = Release|Win32
		{E161DCC0-F430-412C-A5D3-FC697FEA1533}.Debug|Win32.ActiveCfg = Debug|Win32
		{E161DCC0-F430-412C-A5D3-FC697FEA1533}.Debug|Win32.Build.0 = Debug|Win32
		{E161DCC0-F430-412C-A5D3-FC697FEA1533}.Release|Win32.ActiveCfg = Release|Win32
		{E161DCC0-F430-412C-A5D3-FC697FEA1533}.Release|Win32.Build.0 = Release|Win32
		{E8DEBE82-3C54-4515-9A13-D7D32AC9269B}.Debug|Win32.ActiveCfg = Debug|Win32
		{E8DEBE82-3C54-4515-9A13-D7D32AC9269B}.Debug|Win32.Build.0 = Debug|Win32
		{E8DEBE82-3C54-4515-9A13-D7D32AC9269B}.Release|Win32.ActiveCfg = Release|Win32
		{E8DEBE82-3C54-4515-9A13-D7D32AC9269B}.Release|Win32.Build.0 = Release|Win32
		{51280668-414F-4F03-9AA2-7072D65B2408}.Debug|Win32.ActiveCfg = Debug|Win32
		{51280668-414F-4F03-9AA2-7072D65B2408}.Debug|Win32.Build.0 = Debug|Win32
		{51280668-414F-4F03-9AA2-7072D65B2408}.Release|Win32.ActiveCfg = Release|Win32
		{51280668-414F-4F03-9AA2-7072D65B2408}.Release|Win32.Build.0 = Release|Win32
	EndGlobalSection
	GlobalSection(SolutionProperties) = preSolution
		HideSolutionNode = FALSE
	EndGlobalSection
EndGlobal
