<?xml version="1.0" encoding="UTF-8" standalone="yes" ?>
<CodeBlocks_project_file>
	<FileVersion major="1" minor="6" />
	<Project>
		<Option title="EmergeDesktop_W64" />
		<Option pch_mode="2" />
		<Option compiler="gnu_gcc_compiler_for_mingw64" />
		<Build>
			<Target title="emergeLib - Release">
				<Option output="bin64\emergeLib" prefix_auto="1" extension_auto="1" />
				<Option object_output=".objs64\Release" />
				<Option type="3" />
				<Option compiler="gnu_gcc_compiler_for_mingw64" />
				<Option createDefFile="1" />
				<Option createStaticLib="1" />
				<Compiler>
					<Add option="-O2" />
					<Add option="-Wno-strict-aliasing" />
					<Add option="-Wno-unused-value" />
					<Add option="-DEMERGELIB_EXPORTS" />
					<Add option="-DTIXML_USE_STL" />
				</Compiler>
				<ResourceCompiler>
					<Add directory=".\emergeLib" />
				</ResourceCompiler>
				<Linker>
					<Add option="-s" />
					<Add option="-Wl,--enable-auto-image-base" />
					<Add library="shlwapi" />
					<Add library="version" />
					<Add library="psapi" />
					<Add library="ole32" />
					<Add library="uuid" />
					<Add library="gdi32" />
					<Add library="winmm" />
					<Add library="powrprof" />
					<Add directory=".\bin64" />
				</Linker>
			</Target>
			<Target title="emergeGraphics - Release">
				<Option output="bin64\emergeGraphics" prefix_auto="1" extension_auto="1" />
				<Option object_output=".objs64\Release" />
				<Option type="3" />
				<Option compiler="gnu_gcc_compiler_for_mingw64" />
				<Option createDefFile="1" />
				<Option createStaticLib="1" />
				<Compiler>
					<Add option="-O2" />
					<Add option="-DEMERGEGRAPHICS_EXPORTS" />
				</Compiler>
				<ResourceCompiler>
					<Add directory=".\emergeGraphics" />
				</ResourceCompiler>
				<Linker>
					<Add option="-s" />
					<Add option="-Wl,--enable-auto-image-base" />
					<Add library="emergeLib" />
					<Add library="gdi32" />
					<Add library="msimg32" />
					<Add library="ole32" />
					<Add library="shlwapi" />
					<Add directory=".\bin64" />
				</Linker>
			</Target>
			<Target title="emergeAppletEngine - Release">
				<Option output="bin64\emergeAppletEngine" prefix_auto="1" extension_auto="1" />
				<Option object_output=".objs64\Release" />
				<Option type="3" />
				<Option compiler="gnu_gcc_compiler_for_mingw64" />
				<Option createDefFile="1" />
				<Option createStaticLib="1" />
				<Compiler>
					<Add option="-O2" />
					<Add option="-DEMERGEAPPLETENGINE_EXPORTS" />
				</Compiler>
				<Linker>
					<Add option="-s" />
					<Add option="-Wl,--enable-auto-image-base" />
					<Add library="emergeLib" />
					<Add library="comctl32" />
					<Add library="ole32" />
					<Add library="shlwapi" />
					<Add directory=".\bin64" />
				</Linker>
			</Target>
			<Target title="emergeStyleEngine - Release">
				<Option output="bin64\emergeStyleEngine" prefix_auto="1" extension_auto="1" />
				<Option object_output=".objs64\Release" />
				<Option type="3" />
				<Option compiler="gnu_gcc_compiler_for_mingw64" />
				<Option createDefFile="1" />
				<Option createStaticLib="1" />
				<Compiler>
					<Add option="-O2" />
					<Add option="-DEMERGESTYLEENGINE_EXPORTS" />
				</Compiler>
				<Linker>
					<Add option="-s" />
					<Add option="-Wl,--enable-auto-image-base" />
					<Add option="-Wl,--export-all-symbols" />
					<Add library="emergeGraphics" />
					<Add library="emergeLib" />
					<Add library="gdi32" />
					<Add library="msimg32" />
					<Add library="comdlg32" />
					<Add library="shlwapi" />
					<Add directory=".\bin64" />
				</Linker>
			</Target>
			<Target title="emergeBaseClasses - Release">
				<Option output="bin64\emergeBaseClasses" prefix_auto="1" extension_auto="1" />
				<Option object_output=".objs64\Release" />
				<Option type="3" />
				<Option compiler="gnu_gcc_compiler_for_mingw64" />
				<Option createDefFile="1" />
				<Option createStaticLib="1" />
				<Compiler>
					<Add option="-O2" />
					<Add option="-DEMERGEBASECLASSES_EXPORTS" />
				</Compiler>
				<Linker>
					<Add option="-s" />
					<Add option="-Wl,--enable-auto-image-base" />
					<Add option="-Wl,--export-all-symbols" />
					<Add library="emergeGraphics" />
					<Add library="emergeLib" />
					<Add library="emergeStyleEngine" />
					<Add library="emergeAppletEngine" />
					<Add library="gdi32" />
					<Add library="msimg32" />
					<Add library="comdlg32" />
					<Add library="shlwapi" />
					<Add library="ole32" />
					<Add directory=".\bin64" />
				</Linker>
			</Target>
			<Target title="emergeTrayExplorerHook - Release">
				<Option output="bin64\emergeTrayExplorerHook" prefix_auto="1" extension_auto="1" />
				<Option object_output=".objs64\Release" />
				<Option type="3" />
				<Option compiler="gnu_gcc_compiler_for_mingw64" />
				<Option createDefFile="1" />
				<Option createStaticLib="1" />
				<Compiler>
					<Add option="-O2" />
					<Add option="-DEMERGETRAYEXPLORERHOOK_EXPORTS" />
				</Compiler>
				<ResourceCompiler>
					<Add directory=".\emergeLib" />
				</ResourceCompiler>
				<Linker>
					<Add option="-s" />
					<Add option="-Wl,--enable-auto-image-base" />
					<Add library="shlwapi" />
					<Add library="version" />
					<Add library="psapi" />
					<Add library="ole32" />
					<Add library="uuid" />
					<Add library="gdi32" />
					<Add library="winmm" />
					<Add library="powrprof" />
					<Add directory=".\bin64" />
				</Linker>
			</Target>
			<Target title="emergeCore - Release">
				<Option output="bin64\emergeCore" prefix_auto="1" extension_auto="1" />
				<Option object_output=".objs64\Release" />
				<Option external_deps="bin\emergeLib.dll;" />
				<Option type="0" />
				<Option compiler="gnu_gcc_compiler_for_mingw64" />
				<Compiler>
					<Add option="-O2" />
				</Compiler>
				<ResourceCompiler>
					<Add directory=".\emergeCore" />
				</ResourceCompiler>
				<Linker>
					<Add option="-s" />
					<Add library="emergeLib" />
					<Add library="emergeBaseClasses" />
					<Add library="shell32" />
					<Add library="shlwapi" />
					<Add library="ole32" />
					<Add library="comctl32" />
					<Add library="uuid" />
					<Add library="psapi" />
					<Add directory=".\bin64" />
				</Linker>
			</Target>
			<Target title="emergeCommand - Release">
				<Option output="bin64\emergeCommand" prefix_auto="1" extension_auto="1" />
				<Option object_output=".objs64\Release" />
				<Option external_deps="bin\emergeAppletEngine.dll;bin\emergeBaseClasses.dll;bin\emergeGraphics.dll;bin\emergeLib.dll;bin\emergeSchemeEngine.dll;" />
				<Option type="0" />
				<Option compiler="gnu_gcc_compiler_for_mingw64" />
				<Compiler>
					<Add option="-O2" />
				</Compiler>
				<ResourceCompiler>
					<Add directory=".\emergeCommand" />
				</ResourceCompiler>
				<Linker>
					<Add option="-s" />
					<Add library="emergeStyleEngine" />
					<Add library="emergeLib" />
					<Add library="emergeAppletEngine" />
					<Add library="emergeGraphics" />
					<Add library="emergeBaseClasses" />
					<Add library="uuid" />
					<Add library="ole32" />
					<Add library="comctl32" />
					<Add directory=".\bin64" />
				</Linker>
			</Target>
			<Target title="emergeWorkspace - Release">
				<Option output="bin64\emergeWorkspace" prefix_auto="1" extension_auto="1" />
				<Option object_output=".objs64\Release" />
				<Option external_deps="bin\emergeLib.dll;bin\emergeAppletEngine.dll;bin\emergeGraphics.dll;" />
				<Option type="0" />
				<Option compiler="gnu_gcc_compiler_for_mingw64" />
				<Compiler>
					<Add option="-O2" />
				</Compiler>
				<ResourceCompiler>
					<Add directory=".\emergeDesktop" />
				</ResourceCompiler>
				<Linker>
					<Add option="-s" />
					<Add library="emergeLib" />
					<Add library="shlwapi" />
					<Add library="comctl32" />
					<Add library="emergeGraphics" />
					<Add library="emergeAppletEngine" />
					<Add library="ole32" />
					<Add library="uuid" />
					<Add library="emergeBaseClasses" />
					<Add directory=".\bin64" />
				</Linker>
			</Target>
			<Target title="emergeHotkeys - Release">
				<Option output="bin64\emergeHotkeys" prefix_auto="1" extension_auto="1" />
				<Option object_output=".objs64\Release" />
				<Option external_deps="bin\emergeAppletEngine.dll;bin\emergeLib.dll;" />
				<Option type="0" />
				<Option compiler="gnu_gcc_compiler_for_mingw64" />
				<Compiler>
					<Add option="-O2" />
				</Compiler>
				<ResourceCompiler>
					<Add directory=".\emergeHotkeys" />
				</ResourceCompiler>
				<Linker>
					<Add option="-s" />
					<Add library="emergeAppletEngine" />
					<Add library="emergeBaseClasses" />
					<Add library="emergeLib" />
					<Add library="comctl32" />
					<Add directory=".\bin64" />
				</Linker>
			</Target>
			<Target title="emergeLauncher - Release">
				<Option output="bin64\emergeLauncher" prefix_auto="1" extension_auto="1" />
				<Option object_output=".objs64\Release" />
				<Option external_deps="bin\emergeAppletEngine.dll;bin\emergeBaseClasses.dll;bin\emergeGraphics.dll;bin\emergeLib.dll;bin\emergeSchemeEngine.dll;" />
				<Option type="0" />
				<Option compiler="gnu_gcc_compiler_for_mingw64" />
				<Compiler>
					<Add option="-O2" />
				</Compiler>
				<ResourceCompiler>
					<Add directory=".\emergeLauncher" />
				</ResourceCompiler>
				<Linker>
					<Add option="-s" />
					<Add library="emergeStyleEngine" />
					<Add library="emergeLib" />
					<Add library="emergeGraphics" />
					<Add library="emergeAppletEngine" />
					<Add library="emergeBaseClasses" />
					<Add library="comctl32" />
					<Add library="shlwapi" />
					<Add directory=".\bin64" />
				</Linker>
			</Target>
			<Target title="emergeTasks - Release">
				<Option output="bin64\emergeTasks" prefix_auto="1" extension_auto="1" />
				<Option object_output=".objs64\Release" />
				<Option external_deps="bin\emergeAppletEngine.dll;bin\emergeBaseClasses.dll;bin\emergeGraphics.dll;bin\emergeLib.dll;bin\emergeSchemeEngine.dll;" />
				<Option type="0" />
				<Option compiler="gnu_gcc_compiler_for_mingw64" />
				<Compiler>
					<Add option="-O2" />
				</Compiler>
				<ResourceCompiler>
					<Add directory=".\emergeTasks" />
				</ResourceCompiler>
				<Linker>
					<Add option="-s" />
					<Add library="emergeLib" />
					<Add library="emergeStyleEngine" />
					<Add library="emergeAppletEngine" />
					<Add library="emergeGraphics" />
					<Add library="emergeBaseClasses" />
					<Add library="comctl32" />
					<Add directory=".\bin64" />
				</Linker>
			</Target>
			<Target title="emergeTray - Release">
				<Option output="bin64\emergeTray" prefix_auto="1" extension_auto="1" />
				<Option object_output=".objs64\Release" />
				<Option external_deps="bin\emergeAppletEngine.dll;bin\emergeBaseClasses.dll;bin\emergeGraphics.dll;bin\emergeLib.dll;bin\emergeSchemeEngine.dll;" />
				<Option type="0" />
				<Option compiler="gnu_gcc_compiler_for_mingw64" />
				<Compiler>
					<Add option="-O2" />
				</Compiler>
				<ResourceCompiler>
					<Add directory=".\emergeTray" />
				</ResourceCompiler>
				<Linker>
					<Add option="-s" />
					<Add library="emergeStyleEngine" />
					<Add library="emergeLib" />
					<Add library="emergeAppletEngine" />
					<Add library="emergeGraphics" />
					<Add library="emergeBaseClasses" />
					<Add library="comctl32" />
					<Add library="uuid" />
					<Add library="ole32" />
					<Add directory=".\bin64" />
				</Linker>
			</Target>
			<Target title="emergeVWM - Release">
				<Option output="bin64\emergeVWM" prefix_auto="1" extension_auto="1" />
				<Option object_output=".objs64\Release" />
				<Option external_deps="bin\emergeAppletEngine.dll;bin\emergeBaseClasses.dll;bin\emergeGraphics.dll;bin\emergeLib.dll;bin\emergeSchemeEngine.dll;" />
				<Option type="0" />
				<Option compiler="gnu_gcc_compiler_for_mingw64" />
				<Compiler>
					<Add option="-O2" />
				</Compiler>
				<ResourceCompiler>
					<Add directory=".\emergeVWM" />
				</ResourceCompiler>
				<Linker>
					<Add option="-s" />
					<Add library="emergeStyleEngine" />
					<Add library="emergeLib" />
					<Add library="emergeAppletEngine" />
					<Add library="emergeGraphics" />
					<Add library="emergeBaseClasses" />
					<Add library="comctl32" />
					<Add library="shlwapi" />
					<Add directory=".\bin64" />
				</Linker>
			</Target>
			<Target title="emerge - Release">
				<Option output="bin64\emerge" prefix_auto="1" extension_auto="1" />
				<Option object_output=".objs64\Release" />
				<Option external_deps="bin\emergeLib.dll;" />
				<Option type="0" />
				<Option compiler="gnu_gcc_compiler_for_mingw64" />
				<Compiler>
					<Add option="-O2" />
				</Compiler>
				<Linker>
					<Add option="-s" />
					<Add library="emergeLib" />
					<Add directory=".\bin64" />
				</Linker>
			</Target>
			<Target title="emergePower - Release">
				<Option output="bin64\emergePower" prefix_auto="1" extension_auto="1" />
				<Option object_output=".objs64\Release" />
				<Option external_deps="bin\emergeAppletEngine.dll;bin\emergeBaseClasses.dll;bin\emergeGraphics.dll;bin\emergeLib.dll;bin\emergeSchemeEngine.dll;" />
				<Option type="0" />
				<Option compiler="gnu_gcc_compiler_for_mingw64" />
				<Compiler>
					<Add option="-O2" />
				</Compiler>
				<ResourceCompiler>
					<Add directory=".\emergeTasks" />
				</ResourceCompiler>
				<Linker>
					<Add option="-s" />
					<Add library="emergeLib" />
					<Add library="emergeStyleEngine" />
					<Add library="emergeAppletEngine" />
					<Add library="emergeGraphics" />
					<Add library="emergeBaseClasses" />
					<Add library="comctl32" />
					<Add directory=".\bin64" />
				</Linker>
			</Target>
			<Target title="emergeSysMon - Release">
				<Option output="bin64\emergeSysMon" prefix_auto="1" extension_auto="1" />
				<Option object_output=".objs64\Release" />
				<Option external_deps="bin\emergeAppletEngine.dll;bin\emergeBaseClasses.dll;bin\emergeGraphics.dll;bin\emergeLib.dll;bin\emergeSchemeEngine.dll;" />
				<Option type="0" />
				<Option compiler="gnu_gcc_compiler_for_mingw64" />
				<Compiler>
					<Add option="-O2" />
				</Compiler>
				<ResourceCompiler>
					<Add directory=".\emergeTasks" />
				</ResourceCompiler>
				<Linker>
					<Add option="-s" />
					<Add library="comctl32" />
					<Add library="emergeLib" />
					<Add library="emergeStyleEngine" />
					<Add library="emergeAppletEngine" />
					<Add library="emergeGraphics" />
					<Add library="emergeBaseClasses" />
					<Add directory=".\bin64" />
				</Linker>
			</Target>
			<Target title="emergeMediaCtrl - Release">
				<Option output="bin64\emergeMediaCtrl" prefix_auto="1" extension_auto="1" />
				<Option object_output=".objs64\Release" />
				<Option external_deps="bin\emergeAppletEngine.dll;bin\emergeBaseClasses.dll;bin\emergeGraphics.dll;bin\emergeLib.dll;bin\emergeSchemeEngine.dll;" />
				<Option type="0" />
				<Option compiler="gnu_gcc_compiler_for_mingw64" />
				<Compiler>
					<Add option="-O2" />
				</Compiler>
				<ResourceCompiler>
					<Add directory=".\emergeTasks" />
				</ResourceCompiler>
				<Linker>
					<Add option="-s" />
					<Add library="emergeLib" />
					<Add library="emergeStyleEngine" />
					<Add library="emergeAppletEngine" />
					<Add library="emergeGraphics" />
					<Add library="emergeBaseClasses" />
					<Add directory=".\bin64" />
				</Linker>
			</Target>
			<Target title="reg2xml - Release">
				<Option output="bin64\reg2xml" prefix_auto="1" extension_auto="1" />
				<Option object_output=".objs64\Release" />
				<Option external_deps="bin\emergeLib.dll;" />
				<Option type="0" />
				<Option compiler="gnu_gcc_compiler_for_mingw64" />
				<Compiler>
					<Add option="-O2" />
				</Compiler>
				<Linker>
					<Add option="-s" />
					<Add library="emergeLib" />
					<Add library="emergeBaseClasses" />
					<Add library="shlwapi" />
					<Add library="comctl32" />
					<Add directory=".\bin64" />
				</Linker>
			</Target>
			<Target title="emergeHelloWorld - Release">
				<Option output="bin64\emergeHelloWorld" prefix_auto="1" extension_auto="1" />
				<Option object_output=".objs64\Release" />
				<Option external_deps="bin\emergeAppletEngine.dll;bin\emergeBaseClasses.dll;bin\emergeGraphics.dll;bin\emergeLib.dll;bin\emergeSchemeEngine.dll;" />
				<Option type="0" />
				<Option compiler="gnu_gcc_compiler_for_mingw64" />
				<Compiler>
					<Add option="-O2" />
				</Compiler>
				<ResourceCompiler>
					<Add directory=".\emergeCommand" />
				</ResourceCompiler>
				<Linker>
					<Add option="-s" />
					<Add library="emergeStyleEngine" />
					<Add library="emergeLib" />
					<Add library="emergeAppletEngine" />
					<Add library="emergeGraphics" />
					<Add library="emergeBaseClasses" />
					<Add library="uuid" />
					<Add library="ole32" />
					<Add library="comctl32" />
					<Add directory=".\bin64" />
				</Linker>
			</Target>
			<Target title="emergeIcons - Release">
				<Option output="bin64\emergeIcons" prefix_auto="1" extension_auto="1" />
				<Option object_output=".objs64\Release" />
				<Option type="3" />
				<Option compiler="gnu_gcc_compiler_for_mingw64" />
				<Option createDefFile="1" />
				<Option createStaticLib="1" />
				<Compiler>
					<Add option="-O2" />
					<Add option="-DEMERGELIB_EXPORTS" />
					<Add option="-DTIXML_USE_STL" />
				</Compiler>
				<ResourceCompiler>
					<Add directory=".\emergeLib" />
				</ResourceCompiler>
				<Linker>
					<Add option="-s" />
					<Add option="-Wl,--enable-auto-image-base" />
				</Linker>
			</Target>
			<Target title="Explorer - Release">
				<Option output="bin64\Explorer" prefix_auto="1" extension_auto="1" />
				<Option object_output=".objs64\Release" />
				<Option external_deps="bin\emergeAppletEngine.dll;bin\emergeLib.dll;" />
				<Option type="0" />
				<Option compiler="gnu_gcc_compiler_for_mingw64" />
				<Compiler>
					<Add option="-O2" />
				</Compiler>
				<ResourceCompiler>
					<Add directory=".\emergeHotkeys" />
				</ResourceCompiler>
				<Linker>
					<Add option="-s" />
					<Add library="emergeAppletEngine" />
					<Add library="emergeBaseClasses" />
					<Add library="emergeLib" />
					<Add library="uuid" />
					<Add library="ole32" />
					<Add directory=".\bin64" />
				</Linker>
			</Target>
			<Target title="emergeLib - Debug">
				<Option output="bin64\emergeLib" prefix_auto="1" extension_auto="1" />
				<Option object_output=".objs64\Debug" />
				<Option type="3" />
				<Option compiler="gnu_gcc_compiler_for_mingw64" />
				<Option createDefFile="1" />
				<Option createStaticLib="1" />
				<Compiler>
					<Add option="-g" />
					<Add option="-DEMERGELIB_EXPORTS" />
					<Add option="-DTIXML_USE_STL" />
				</Compiler>
				<ResourceCompiler>
					<Add directory=".\emergeLib" />
				</ResourceCompiler>
				<Linker>
					<Add option="-Wl,--enable-auto-image-base" />
					<Add library="shlwapi" />
					<Add library="version" />
					<Add library="psapi" />
					<Add library="ole32" />
					<Add library="uuid" />
					<Add library="gdi32" />
					<Add library="winmm" />
					<Add library="powrprof" />
					<Add library="zip32z64" />
					<Add library="unzip32" />
					<Add directory=".\bin64" />
				</Linker>
			</Target>
			<Target title="emergeGraphics - Debug">
				<Option output="bin64\emergeGraphics" prefix_auto="1" extension_auto="1" />
				<Option object_output=".objs64\Release" />
				<Option type="3" />
				<Option compiler="gnu_gcc_compiler_for_mingw64" />
				<Option createDefFile="1" />
				<Option createStaticLib="1" />
				<Compiler>
					<Add option="-O2" />
					<Add option="-g" />
					<Add option="-DEMERGEGRAPHICS_EXPORTS" />
				</Compiler>
				<ResourceCompiler>
					<Add directory=".\emergeGraphics" />
				</ResourceCompiler>
				<Linker>
					<Add option="-s" />
					<Add option="-Wl,--enable-auto-image-base" />
					<Add library="emergeLib" />
					<Add library="gdi32" />
					<Add library="msimg32" />
					<Add library="ole32" />
					<Add library="shlwapi" />
					<Add directory=".\bin64" />
				</Linker>
			</Target>
			<Target title="emergeBaseClasses - Debug">
				<Option output="bin64\emergeBaseClasses" prefix_auto="1" extension_auto="1" />
				<Option object_output=".objs64\Debug" />
				<Option type="3" />
				<Option compiler="gnu_gcc_compiler_for_mingw64" />
				<Option createDefFile="1" />
				<Option createStaticLib="1" />
				<Compiler>
					<Add option="-g" />
					<Add option="-DEMERGEBASECLASSES_EXPORTS" />
				</Compiler>
				<Linker>
					<Add option="-Wl,--enable-auto-image-base" />
					<Add option="-Wl,--export-all-symbols" />
					<Add library="emergeGraphics" />
					<Add library="emergeLib" />
					<Add library="emergeStyleEngine" />
					<Add library="emergeAppletEngine" />
					<Add library="gdi32" />
					<Add library="msimg32" />
					<Add library="comdlg32" />
					<Add library="shlwapi" />
					<Add library="ole32" />
					<Add directory=".\bin64" />
				</Linker>
			</Target>
			<Target title="emergeTray - Debug">
				<Option output="bin64\emergeTray" prefix_auto="1" extension_auto="1" />
				<Option object_output=".objs64\Debug" />
				<Option external_deps="bin\emergeAppletEngine.dll;bin\emergeBaseClasses.dll;bin\emergeGraphics.dll;bin\emergeLib.dll;bin\emergeSchemeEngine.dll;" />
				<Option type="0" />
				<Option compiler="gnu_gcc_compiler_for_mingw64" />
				<Compiler>
					<Add option="-g" />
				</Compiler>
				<ResourceCompiler>
					<Add directory=".\emergeTray" />
				</ResourceCompiler>
				<Linker>
					<Add library="emergeStyleEngine" />
					<Add library="emergeLib" />
					<Add library="emergeAppletEngine" />
					<Add library="emergeGraphics" />
					<Add library="emergeBaseClasses" />
					<Add library="comctl32" />
					<Add library="uuid" />
					<Add library="ole32" />
					<Add directory=".\bin64" />
				</Linker>
			</Target>
			<Target title="emergeWorkspace - Debug">
				<Option output="bin64\emergeWorkspace" prefix_auto="1" extension_auto="1" />
				<Option object_output=".objs64\Debug" />
				<Option external_deps="bin\emergeLib.dll;bin\emergeAppletEngine.dll;bin\emergeGraphics.dll;" />
				<Option type="0" />
				<Option compiler="gnu_gcc_compiler_for_mingw64" />
				<Compiler>
					<Add option="-g" />
				</Compiler>
				<ResourceCompiler>
					<Add directory=".\emergeDesktop" />
				</ResourceCompiler>
				<Linker>
					<Add library="emergeLib" />
					<Add library="shlwapi" />
					<Add library="comctl32" />
					<Add library="emergeGraphics" />
					<Add library="emergeAppletEngine" />
					<Add library="ole32" />
					<Add library="uuid" />
					<Add library="emergeBaseClasses" />
					<Add directory=".\bin64" />
				</Linker>
			</Target>
			<Target title="emergeCore - Debug">
				<Option output="bin64\emergeCore" prefix_auto="1" extension_auto="1" />
				<Option object_output=".objs64\Debug" />
				<Option external_deps="bin\emergeLib.dll;" />
				<Option type="0" />
				<Option compiler="gnu_gcc_compiler_for_mingw64" />
				<Compiler>
					<Add option="-g" />
				</Compiler>
				<ResourceCompiler>
					<Add directory=".\emergeCore" />
				</ResourceCompiler>
				<Linker>
					<Add library="emergeLib" />
					<Add library="emergeBaseClasses" />
					<Add library="shell32" />
					<Add library="shlwapi" />
					<Add library="ole32" />
					<Add library="comctl32" />
					<Add library="uuid" />
					<Add library="psapi" />
					<Add directory=".\bin64" />
				</Linker>
			</Target>
			<Target title="emergeHotkeys - Debug">
				<Option output="bin64\emergeHotkeys" prefix_auto="1" extension_auto="1" />
				<Option object_output=".objs64\Debug" />
				<Option external_deps="bin\emergeAppletEngine.dll;bin\emergeLib.dll;" />
				<Option type="0" />
				<Option compiler="gnu_gcc_compiler_for_mingw64" />
				<Compiler>
					<Add option="-g" />
				</Compiler>
				<ResourceCompiler>
					<Add directory=".\emergeHotkeys" />
				</ResourceCompiler>
				<Linker>
					<Add library="emergeAppletEngine" />
					<Add library="emergeBaseClasses" />
					<Add library="emergeLib" />
					<Add library="comctl32" />
					<Add directory=".\bin64" />
				</Linker>
			</Target>
			<Target title="emergeLauncher - Debug">
				<Option output="bin64\emergeLauncher" prefix_auto="1" extension_auto="1" />
				<Option object_output=".objs64\Debug" />
				<Option external_deps="bin\emergeAppletEngine.dll;bin\emergeBaseClasses.dll;bin\emergeGraphics.dll;bin\emergeLib.dll;bin\emergeSchemeEngine.dll;" />
				<Option type="0" />
				<Option compiler="gnu_gcc_compiler_for_mingw64" />
				<Compiler>
					<Add option="-g" />
				</Compiler>
				<ResourceCompiler>
					<Add directory=".\emergeLauncher" />
				</ResourceCompiler>
				<Linker>
					<Add library="emergeStyleEngine" />
					<Add library="emergeLib" />
					<Add library="emergeGraphics" />
					<Add library="emergeAppletEngine" />
					<Add library="emergeBaseClasses" />
					<Add library="comctl32" />
					<Add library="shlwapi" />
					<Add directory=".\bin64" />
				</Linker>
			</Target>
		</Build>
		<VirtualTargets>
			<Add alias="All - Release" targets="emergeLib - Release;emergeGraphics - Release;emergeAppletEngine - Release;emergeStyleEngine - Release;emergeBaseClasses - Release;emergeTrayExplorerHook - Release;emergeCore - Release;emergeCommand - Release;emergeWorkspace - Release;emergeHotkeys - Release;emergeLauncher - Release;emergeTasks - Release;emergeTray - Release;emergeVWM - Release;emerge - Release;emergePower - Release;emergeSysMon - Release;Explorer - Release;emergeIcons - Release;" />
		</VirtualTargets>
		<Compiler>
			<Add option="-pedantic" />
			<Add option="-Wfatal-errors" />
			<Add option="-Wextra" />
			<Add option="-Wall" />
			<Add option="-W" />
			<Add option="-Wno-long-long" />
			<Add option="-D_GLIBCXX_DLL" />
		</Compiler>
		<Linker>
			<Add option="-shared-libgcc" />
			<Add option="-Wl,--enable-auto-import" />
			<Add library="advapi32" />
			<Add library="stdc++.dll" />
		</Linker>
		<ExtraCommands>
			<Add before='[[ IO.Execute(_T(&quot;cmd /c hgversion.bat&quot;)) ]]' />
		</ExtraCommands>
		<Unit filename="Explorer\Applet.cpp">
			<Option target="Explorer - Release" />
		</Unit>
		<Unit filename="Explorer\Applet.h">
			<Option target="Explorer - Release" />
		</Unit>
		<Unit filename="Explorer\Explorer.rc">
			<Option compilerVar="WINDRES" />
			<Option target="Explorer - Release" />
		</Unit>
		<Unit filename="Explorer\ShellDesktopTray.cpp">
			<Option target="Explorer - Release" />
		</Unit>
		<Unit filename="Explorer\ShellDesktopTray.h">
			<Option target="Explorer - Release" />
		</Unit>
		<Unit filename="Explorer\main.cpp">
			<Option target="Explorer - Release" />
		</Unit>
		<Unit filename="Explorer\resource.h">
			<Option target="Explorer - Release" />
		</Unit>
		<Unit filename="emergeAppletEngine\emergeAppletEngine.h">
			<Option target="emergeAppletEngine - Release" />
		</Unit>
		<Unit filename="emergeAppletEngine\emergeAppletEngine.rc">
			<Option compilerVar="WINDRES" />
			<Option target="emergeAppletEngine - Release" />
		</Unit>
		<Unit filename="emergeAppletEngine\main.cpp">
			<Option target="emergeAppletEngine - Release" />
		</Unit>
		<Unit filename="emergeAppletEngine\resource.h">
			<Option target="emergeAppletEngine - Release" />
		</Unit>
		<Unit filename="emergeBaseClasses\BaseApplet.cpp">
			<Option target="emergeBaseClasses - Release" />
			<Option target="emergeBaseClasses - Debug" />
		</Unit>
		<Unit filename="emergeBaseClasses\BaseApplet.h">
			<Option target="emergeBaseClasses - Release" />
			<Option target="emergeBaseClasses - Debug" />
		</Unit>
		<Unit filename="emergeBaseClasses\BaseAppletMenu.cpp">
			<Option target="emergeBaseClasses - Release" />
			<Option target="emergeBaseClasses - Debug" />
		</Unit>
		<Unit filename="emergeBaseClasses\BaseAppletMenu.h">
			<Option target="emergeBaseClasses - Release" />
			<Option target="emergeBaseClasses - Debug" />
		</Unit>
		<Unit filename="emergeBaseClasses\BasePositionPage.cpp">
			<Option target="emergeBaseClasses - Release" />
			<Option target="emergeBaseClasses - Debug" />
		</Unit>
		<Unit filename="emergeBaseClasses\BasePositionPage.dlg">
			<Option target="emergeBaseClasses - Release" />
			<Option target="emergeBaseClasses - Debug" />
		</Unit>
		<Unit filename="emergeBaseClasses\BasePositionPage.h">
			<Option target="emergeBaseClasses - Release" />
			<Option target="emergeBaseClasses - Debug" />
		</Unit>
		<Unit filename="emergeBaseClasses\BaseSettings.cpp">
			<Option target="emergeBaseClasses - Release" />
			<Option target="emergeBaseClasses - Debug" />
		</Unit>
		<Unit filename="emergeBaseClasses\BaseSettings.h">
			<Option target="emergeBaseClasses - Release" />
			<Option target="emergeBaseClasses - Debug" />
		</Unit>
		<Unit filename="emergeBaseClasses\emergeBaseClasses.dll.manifest">
			<Option target="emergeBaseClasses - Release" />
			<Option target="emergeBaseClasses - Debug" />
		</Unit>
		<Unit filename="emergeBaseClasses\emergeBaseClasses.rc">
			<Option compilerVar="WINDRES" />
			<Option target="emergeBaseClasses - Release" />
			<Option target="emergeBaseClasses - Debug" />
		</Unit>
		<Unit filename="emergeBaseClasses\resource.h">
			<Option target="emergeBaseClasses - Release" />
			<Option target="emergeBaseClasses - Debug" />
		</Unit>
		<Unit filename="emergeCommand\Applet.cpp">
			<Option target="emergeCommand - Release" />
		</Unit>
		<Unit filename="emergeCommand\Applet.h">
			<Option target="emergeCommand - Release" />
		</Unit>
		<Unit filename="emergeCommand\Command.cpp">
			<Option target="emergeCommand - Release" />
		</Unit>
		<Unit filename="emergeCommand\Command.h">
			<Option target="emergeCommand - Release" />
		</Unit>
		<Unit filename="emergeCommand\Config.cpp">
			<Option target="emergeCommand - Release" />
		</Unit>
		<Unit filename="emergeCommand\Config.h">
			<Option target="emergeCommand - Release" />
		</Unit>
		<Unit filename="emergeCommand\ConfigPage.cpp">
			<Option target="emergeCommand - Release" />
		</Unit>
		<Unit filename="emergeCommand\ConfigPage.dlg">
			<Option target="emergeCommand - Release" />
		</Unit>
		<Unit filename="emergeCommand\ConfigPage.h">
			<Option target="emergeCommand - Release" />
		</Unit>
		<Unit filename="emergeCommand\CustomSource.cpp">
			<Option target="emergeCommand - Release" />
		</Unit>
		<Unit filename="emergeCommand\CustomSource.h">
			<Option target="emergeCommand - Release" />
		</Unit>
		<Unit filename="emergeCommand\Settings.cpp">
			<Option target="emergeCommand - Release" />
		</Unit>
		<Unit filename="emergeCommand\Settings.h">
			<Option target="emergeCommand - Release" />
		</Unit>
		<Unit filename="emergeCommand\TextPage.cpp">
			<Option target="emergeCommand - Release" />
		</Unit>
		<Unit filename="emergeCommand\TextPage.dlg">
			<Option target="emergeCommand - Release" />
		</Unit>
		<Unit filename="emergeCommand\TextPage.h">
			<Option target="emergeCommand - Release" />
		</Unit>
		<Unit filename="emergeCommand\emergeCommand.exe.manifest">
			<Option target="emergeCommand - Release" />
		</Unit>
		<Unit filename="emergeCommand\emergeCommand.rc">
			<Option compilerVar="WINDRES" />
			<Option target="emergeCommand - Release" />
		</Unit>
		<Unit filename="emergeCommand\main.cpp">
			<Option target="emergeCommand - Release" />
		</Unit>
		<Unit filename="emergeCommand\resource.h">
			<Option target="emergeCommand - Release" />
		</Unit>
		<Unit filename="emergeCore\AliasEditor.cpp">
			<Option target="emergeCore - Release" />
			<Option target="emergeCore - Debug" />
		</Unit>
		<Unit filename="emergeCore\AliasEditor.dlg">
			<Option target="emergeCore - Release" />
			<Option target="emergeCore - Debug" />
		</Unit>
		<Unit filename="emergeCore\AliasEditor.h">
			<Option target="emergeCore - Release" />
			<Option target="emergeCore - Debug" />
		</Unit>
		<Unit filename="emergeCore\Config.cpp">
			<Option target="emergeCore - Release" />
			<Option target="emergeCore - Debug" />
		</Unit>
		<Unit filename="emergeCore\Config.h">
			<Option target="emergeCore - Release" />
			<Option target="emergeCore - Debug" />
		</Unit>
		<Unit filename="emergeCore\ConfigPage.cpp">
			<Option target="emergeCore - Release" />
			<Option target="emergeCore - Debug" />
		</Unit>
		<Unit filename="emergeCore\ConfigPage.dlg">
			<Option target="emergeCore - Release" />
			<Option target="emergeCore - Debug" />
		</Unit>
		<Unit filename="emergeCore\ConfigPage.h">
			<Option target="emergeCore - Release" />
			<Option target="emergeCore - Debug" />
		</Unit>
		<Unit filename="emergeCore\Core.cpp">
			<Option target="emergeCore - Release" />
			<Option target="emergeCore - Debug" />
		</Unit>
		<Unit filename="emergeCore\Core.h">
			<Option target="emergeCore - Release" />
			<Option target="emergeCore - Debug" />
		</Unit>
		<Unit filename="emergeCore\Desktop.cpp">
			<Option target="emergeCore - Release" />
			<Option target="emergeCore - Debug" />
		</Unit>
		<Unit filename="emergeCore\Desktop.h">
			<Option target="emergeCore - Release" />
			<Option target="emergeCore - Debug" />
		</Unit>
		<Unit filename="emergeCore\LaunchEditor.cpp">
			<Option target="emergeCore - Release" />
			<Option target="emergeCore - Debug" />
		</Unit>
		<Unit filename="emergeCore\LaunchEditor.h">
			<Option target="emergeCore - Release" />
			<Option target="emergeCore - Debug" />
		</Unit>
		<Unit filename="emergeCore\MessageControl.cpp">
			<Option target="emergeCore - Release" />
			<Option target="emergeCore - Debug" />
		</Unit>
		<Unit filename="emergeCore\MessageControl.h">
			<Option target="emergeCore - Release" />
			<Option target="emergeCore - Debug" />
		</Unit>
		<Unit filename="emergeCore\Settings.cpp">
			<Option target="emergeCore - Release" />
			<Option target="emergeCore - Debug" />
		</Unit>
		<Unit filename="emergeCore\Settings.h">
			<Option target="emergeCore - Release" />
			<Option target="emergeCore - Debug" />
		</Unit>
		<Unit filename="emergeCore\Shell.cpp">
			<Option target="emergeCore - Release" />
			<Option target="emergeCore - Debug" />
		</Unit>
		<Unit filename="emergeCore\Shell.h">
			<Option target="emergeCore - Release" />
			<Option target="emergeCore - Debug" />
		</Unit>
		<Unit filename="emergeCore\ShellChanger.cpp">
			<Option target="emergeCore - Release" />
			<Option target="emergeCore - Debug" />
		</Unit>
		<Unit filename="emergeCore\ShellChanger.h">
			<Option target="emergeCore - Release" />
			<Option target="emergeCore - Debug" />
		</Unit>
		<Unit filename="emergeCore\ThemeSaver.cpp">
			<Option target="emergeCore - Release" />
			<Option target="emergeCore - Debug" />
		</Unit>
		<Unit filename="emergeCore\ThemeSaver.h">
			<Option target="emergeCore - Release" />
			<Option target="emergeCore - Debug" />
		</Unit>
		<Unit filename="emergeCore\ThemeSelector.cpp">
			<Option target="emergeCore - Release" />
			<Option target="emergeCore - Debug" />
		</Unit>
		<Unit filename="emergeCore\ThemeSelector.h">
			<Option target="emergeCore - Release" />
			<Option target="emergeCore - Debug" />
		</Unit>
		<Unit filename="emergeCore\emergeCore.exe.manifest">
			<Option target="emergeCore - Release" />
			<Option target="emergeCore - Debug" />
		</Unit>
		<Unit filename="emergeCore\emergeCore.rc">
			<Option compilerVar="WINDRES" />
			<Option target="emergeCore - Release" />
			<Option target="emergeCore - Debug" />
		</Unit>
		<Unit filename="emergeCore\main.cpp">
			<Option target="emergeCore - Release" />
			<Option target="emergeCore - Debug" />
		</Unit>
		<Unit filename="emergeCore\resource.h">
			<Option target="emergeCore - Release" />
			<Option target="emergeCore - Debug" />
		</Unit>
		<Unit filename="emergeGraphics\BImage.cpp">
			<Option target="emergeGraphics - Release" />
			<Option target="emergeGraphics - Debug" />
		</Unit>
		<Unit filename="emergeGraphics\BImage.h">
			<Option target="emergeGraphics - Release" />
			<Option target="emergeGraphics - Debug" />
		</Unit>
		<Unit filename="emergeGraphics\emergeGraphics.h">
			<Option target="emergeGraphics - Release" />
			<Option target="emergeGraphics - Debug" />
		</Unit>
		<Unit filename="emergeGraphics\emergeGraphics.rc">
			<Option compilerVar="WINDRES" />
			<Option target="emergeGraphics - Release" />
			<Option target="emergeGraphics - Debug" />
		</Unit>
		<Unit filename="emergeGraphics\main.cpp">
			<Option target="emergeGraphics - Release" />
			<Option target="emergeGraphics - Debug" />
		</Unit>
		<Unit filename="emergeGraphics\resource.h">
			<Option target="emergeGraphics - Release" />
			<Option target="emergeGraphics - Debug" />
		</Unit>
		<Unit filename="emergeHelloWorld\Applet.cpp">
			<Option target="emergeHelloWorld - Release" />
		</Unit>
		<Unit filename="emergeHelloWorld\Applet.h">
			<Option target="emergeHelloWorld - Release" />
		</Unit>
		<Unit filename="emergeHelloWorld\Config.cpp">
			<Option target="emergeHelloWorld - Release" />
		</Unit>
		<Unit filename="emergeHelloWorld\Config.h">
			<Option target="emergeHelloWorld - Release" />
		</Unit>
		<Unit filename="emergeHelloWorld\ConfigPage.cpp">
			<Option target="emergeHelloWorld - Release" />
		</Unit>
		<Unit filename="emergeHelloWorld\ConfigPage.dlg">
			<Option target="emergeHelloWorld - Release" />
		</Unit>
		<Unit filename="emergeHelloWorld\ConfigPage.h">
			<Option target="emergeHelloWorld - Release" />
		</Unit>
		<Unit filename="emergeHelloWorld\Settings.cpp">
			<Option target="emergeHelloWorld - Release" />
		</Unit>
		<Unit filename="emergeHelloWorld\Settings.h">
			<Option target="emergeHelloWorld - Release" />
		</Unit>
		<Unit filename="emergeHelloWorld\TextPage.cpp">
			<Option target="emergeHelloWorld - Release" />
		</Unit>
		<Unit filename="emergeHelloWorld\TextPage.dlg">
			<Option target="emergeHelloWorld - Release" />
		</Unit>
		<Unit filename="emergeHelloWorld\TextPage.h">
			<Option target="emergeHelloWorld - Release" />
		</Unit>
		<Unit filename="emergeHelloWorld\emergeHelloWorld.exe.manifest">
			<Option target="emergeHelloWorld - Release" />
		</Unit>
		<Unit filename="emergeHelloWorld\emergeHelloWorld.rc">
			<Option compilerVar="WINDRES" />
			<Option target="emergeHelloWorld - Release" />
		</Unit>
		<Unit filename="emergeHelloWorld\main.cpp">
			<Option target="emergeHelloWorld - Release" />
		</Unit>
		<Unit filename="emergeHelloWorld\resource.h">
			<Option target="emergeHelloWorld - Release" />
		</Unit>
		<Unit filename="emergeHotkeys\Actions.cpp">
			<Option target="emergeHotkeys - Release" />
			<Option target="emergeHotkeys - Debug" />
		</Unit>
		<Unit filename="emergeHotkeys\Actions.h">
			<Option target="emergeHotkeys - Release" />
			<Option target="emergeHotkeys - Debug" />
		</Unit>
		<Unit filename="emergeHotkeys\Applet.cpp">
			<Option target="emergeHotkeys - Release" />
			<Option target="emergeHotkeys - Debug" />
		</Unit>
		<Unit filename="emergeHotkeys\Applet.h">
			<Option target="emergeHotkeys - Release" />
			<Option target="emergeHotkeys - Debug" />
		</Unit>
		<Unit filename="emergeHotkeys\HotkeyCombo.cpp">
			<Option target="emergeHotkeys - Release" />
			<Option target="emergeHotkeys - Debug" />
		</Unit>
		<Unit filename="emergeHotkeys\HotkeyCombo.h">
			<Option target="emergeHotkeys - Release" />
			<Option target="emergeHotkeys - Debug" />
		</Unit>
		<Unit filename="emergeHotkeys\Settings.cpp">
			<Option target="emergeHotkeys - Release" />
			<Option target="emergeHotkeys - Debug" />
		</Unit>
		<Unit filename="emergeHotkeys\Settings.h">
			<Option target="emergeHotkeys - Release" />
			<Option target="emergeHotkeys - Debug" />
		</Unit>
		<Unit filename="emergeHotkeys\emergeHotkeys.exe.manifest">
			<Option target="emergeHotkeys - Release" />
			<Option target="emergeHotkeys - Debug" />
		</Unit>
		<Unit filename="emergeHotkeys\emergeHotkeys.rc">
			<Option compilerVar="WINDRES" />
			<Option target="emergeHotkeys - Release" />
			<Option target="emergeHotkeys - Debug" />
		</Unit>
		<Unit filename="emergeHotkeys\main.cpp">
			<Option target="emergeHotkeys - Release" />
			<Option target="emergeHotkeys - Debug" />
		</Unit>
		<Unit filename="emergeHotkeys\resource.h">
			<Option target="emergeHotkeys - Release" />
			<Option target="emergeHotkeys - Debug" />
		</Unit>
		<Unit filename="emergeIcons\emergeIcons.rc">
			<Option compilerVar="WINDRES" />
			<Option target="emergeIcons - Release" />
		</Unit>
		<Unit filename="emergeIcons\resource.h">
			<Option target="emergeIcons - Release" />
		</Unit>
		<Unit filename="emergeLauncher\Applet.cpp">
			<Option target="emergeLauncher - Release" />
			<Option target="emergeLauncher - Debug" />
		</Unit>
		<Unit filename="emergeLauncher\Applet.h">
			<Option target="emergeLauncher - Release" />
			<Option target="emergeLauncher - Debug" />
		</Unit>
		<Unit filename="emergeLauncher\Config.cpp">
			<Option target="emergeLauncher - Release" />
			<Option target="emergeLauncher - Debug" />
		</Unit>
		<Unit filename="emergeLauncher\Config.h">
			<Option target="emergeLauncher - Release" />
			<Option target="emergeLauncher - Debug" />
		</Unit>
		<Unit filename="emergeLauncher\ConfigPage.cpp">
			<Option target="emergeLauncher - Release" />
			<Option target="emergeLauncher - Debug" />
		</Unit>
		<Unit filename="emergeLauncher\ConfigPage.dlg">
			<Option target="emergeLauncher - Release" />
			<Option target="emergeLauncher - Debug" />
		</Unit>
		<Unit filename="emergeLauncher\ConfigPage.h">
			<Option target="emergeLauncher - Release" />
			<Option target="emergeLauncher - Debug" />
		</Unit>
		<Unit filename="emergeLauncher\Item.cpp">
			<Option target="emergeLauncher - Release" />
			<Option target="emergeLauncher - Debug" />
		</Unit>
		<Unit filename="emergeLauncher\Item.h">
			<Option target="emergeLauncher - Release" />
			<Option target="emergeLauncher - Debug" />
		</Unit>
		<Unit filename="emergeLauncher\LaunchPage.cpp">
			<Option target="emergeLauncher - Release" />
			<Option target="emergeLauncher - Debug" />
		</Unit>
		<Unit filename="emergeLauncher\LaunchPage.dlg">
			<Option target="emergeLauncher - Release" />
			<Option target="emergeLauncher - Debug" />
		</Unit>
		<Unit filename="emergeLauncher\LaunchPage.h">
			<Option target="emergeLauncher - Release" />
			<Option target="emergeLauncher - Debug" />
		</Unit>
		<Unit filename="emergeLauncher\Settings.cpp">
			<Option target="emergeLauncher - Release" />
			<Option target="emergeLauncher - Debug" />
		</Unit>
		<Unit filename="emergeLauncher\Settings.h">
			<Option target="emergeLauncher - Release" />
			<Option target="emergeLauncher - Debug" />
		</Unit>
		<Unit filename="emergeLauncher\emergeLauncher.exe.manifest">
			<Option target="emergeLauncher - Release" />
			<Option target="emergeLauncher - Debug" />
		</Unit>
		<Unit filename="emergeLauncher\emergeLauncher.rc">
			<Option compilerVar="WINDRES" />
			<Option target="emergeLauncher - Release" />
			<Option target="emergeLauncher - Debug" />
		</Unit>
		<Unit filename="emergeLauncher\main.cpp">
			<Option target="emergeLauncher - Release" />
			<Option target="emergeLauncher - Debug" />
		</Unit>
		<Unit filename="emergeLauncher\resource.h">
			<Option target="emergeLauncher - Release" />
			<Option target="emergeLauncher - Debug" />
		</Unit>
		<Unit filename="emergeLib\MsgBox.cpp">
			<Option target="emergeLib - Release" />
			<Option target="emergeLib - Debug" />
		</Unit>
		<Unit filename="emergeLib\MsgBox.h">
			<Option target="emergeLib - Release" />
			<Option target="emergeLib - Debug" />
		</Unit>
		<Unit filename="emergeLib\Shutdown.cpp">
			<Option target="emergeLib - Release" />
			<Option target="emergeLib - Debug" />
		</Unit>
		<Unit filename="emergeLib\Shutdown.h">
			<Option target="emergeLib - Release" />
			<Option target="emergeLib - Debug" />
		</Unit>
		<Unit filename="emergeLib\emergeLib.dll.manifest">
			<Option target="&lt;{~None~}&gt;" />
		</Unit>
		<Unit filename="emergeLib\emergeLib.doxy">
			<Option target="&lt;{~None~}&gt;" />
		</Unit>
		<Unit filename="emergeLib\emergeLib.h">
			<Option target="emergeLib - Release" />
			<Option target="emergeLib - Debug" />
		</Unit>
		<Unit filename="emergeLib\emergeLib.rc">
			<Option compilerVar="WINDRES" />
			<Option target="emergeLib - Release" />
			<Option target="emergeLib - Debug" />
		</Unit>
		<Unit filename="emergeLib\main.cpp">
			<Option target="emergeLib - Release" />
			<Option target="emergeLib - Debug" />
		</Unit>
		<Unit filename="emergeLib\resource.h">
			<Option target="emergeLib - Release" />
			<Option target="emergeLib - Debug" />
		</Unit>
		<Unit filename="emergeLib\unzip.cpp">
			<Option target="emergeLib - Release" />
			<Option target="emergeLib - Debug" />
		</Unit>
		<Unit filename="emergeLib\unzip.h">
			<Option target="emergeLib - Release" />
			<Option target="emergeLib - Debug" />
		</Unit>
		<Unit filename="emergeLib\zip.cpp">
			<Option target="emergeLib - Release" />
			<Option target="emergeLib - Debug" />
		</Unit>
		<Unit filename="emergeLib\zip.h">
			<Option target="emergeLib - Release" />
			<Option target="emergeLib - Debug" />
		</Unit>
		<Unit filename="emergeMediaCtrl\Applet.cpp">
			<Option target="emergeMediaCtrl - Release" />
		</Unit>
		<Unit filename="emergeMediaCtrl\Applet.h">
			<Option target="emergeMediaCtrl - Release" />
		</Unit>
		<Unit filename="emergeMediaCtrl\Button.cpp">
			<Option target="emergeMediaCtrl - Release" />
		</Unit>
		<Unit filename="emergeMediaCtrl\Button.h">
			<Option target="emergeMediaCtrl - Release" />
		</Unit>
		<Unit filename="emergeMediaCtrl\Config.cpp">
			<Option target="emergeMediaCtrl - Release" />
		</Unit>
		<Unit filename="emergeMediaCtrl\Config.h">
			<Option target="emergeMediaCtrl - Release" />
		</Unit>
		<Unit filename="emergeMediaCtrl\Settings.cpp">
			<Option target="emergeMediaCtrl - Release" />
		</Unit>
		<Unit filename="emergeMediaCtrl\Settings.h">
			<Option target="emergeMediaCtrl - Release" />
		</Unit>
		<Unit filename="emergeMediaCtrl\emergeMediaCtrl.rc">
			<Option compilerVar="WINDRES" />
			<Option target="emergeMediaCtrl - Release" />
		</Unit>
		<Unit filename="emergeMediaCtrl\main.cpp">
			<Option target="emergeMediaCtrl - Release" />
		</Unit>
		<Unit filename="emergeMediaCtrl\resource.h">
			<Option target="emergeMediaCtrl - Release" />
		</Unit>
		<Unit filename="emergePower\Applet.cpp">
			<Option target="emergePower - Release" />
		</Unit>
		<Unit filename="emergePower\Applet.h">
			<Option target="emergePower - Release" />
		</Unit>
		<Unit filename="emergePower\Config.cpp">
			<Option target="emergePower - Release" />
		</Unit>
		<Unit filename="emergePower\Config.h">
			<Option target="emergePower - Release" />
		</Unit>
		<Unit filename="emergePower\ConfigPage.cpp">
			<Option target="emergePower - Release" />
		</Unit>
		<Unit filename="emergePower\ConfigPage.dlg">
			<Option target="emergePower - Release" />
		</Unit>
		<Unit filename="emergePower\ConfigPage.h">
			<Option target="emergePower - Release" />
		</Unit>
		<Unit filename="emergePower\PositionPage.cpp">
			<Option target="emergePower - Release" />
		</Unit>
		<Unit filename="emergePower\PositionPage.dlg">
			<Option target="emergePower - Release" />
		</Unit>
		<Unit filename="emergePower\PositionPage.h">
			<Option target="emergePower - Release" />
		</Unit>
		<Unit filename="emergePower\Settings.cpp">
			<Option target="emergePower - Release" />
		</Unit>
		<Unit filename="emergePower\Settings.h">
			<Option target="emergePower - Release" />
		</Unit>
		<Unit filename="emergePower\emergePower.exe.manifest">
			<Option target="emergePower - Release" />
		</Unit>
		<Unit filename="emergePower\emergePower.rc">
			<Option compilerVar="WINDRES" />
			<Option target="emergePower - Release" />
		</Unit>
		<Unit filename="emergePower\main.cpp">
			<Option target="emergePower - Release" />
		</Unit>
		<Unit filename="emergePower\resource.h">
			<Option target="emergePower - Release" />
		</Unit>
		<Unit filename="emergeStyleEngine\StyleEditor.cpp">
			<Option target="emergeStyleEngine - Release" />
		</Unit>
		<Unit filename="emergeStyleEngine\StyleEditor.h">
			<Option target="emergeStyleEngine - Release" />
		</Unit>
		<Unit filename="emergeStyleEngine\emergeStyleEngine.h">
			<Option target="emergeStyleEngine - Release" />
		</Unit>
		<Unit filename="emergeStyleEngine\emergeStyleEngine.rc">
			<Option compilerVar="WINDRES" />
			<Option target="emergeStyleEngine - Release" />
		</Unit>
		<Unit filename="emergeStyleEngine\main.cpp">
			<Option target="emergeStyleEngine - Release" />
		</Unit>
		<Unit filename="emergeStyleEngine\resource.h">
			<Option target="emergeStyleEngine - Release" />
		</Unit>
		<Unit filename="emergeSysMon\Applet.cpp">
			<Option target="emergeSysMon - Release" />
		</Unit>
		<Unit filename="emergeSysMon\Applet.h">
			<Option target="emergeSysMon - Release" />
		</Unit>
		<Unit filename="emergeSysMon\Config.cpp">
			<Option target="emergeSysMon - Release" />
		</Unit>
		<Unit filename="emergeSysMon\Config.h">
			<Option target="emergeSysMon - Release" />
		</Unit>
		<Unit filename="emergeSysMon\ConfigPage.cpp">
			<Option target="emergeSysMon - Release" />
		</Unit>
		<Unit filename="emergeSysMon\ConfigPage.dlg">
			<Option target="emergeSysMon - Release" />
		</Unit>
		<Unit filename="emergeSysMon\ConfigPage.h">
			<Option target="emergeSysMon - Release" />
		</Unit>
		<Unit filename="emergeSysMon\DisplayPage.cpp">
			<Option target="emergeSysMon - Release" />
		</Unit>
		<Unit filename="emergeSysMon\DisplayPage.dlg">
			<Option target="emergeSysMon - Release" />
		</Unit>
		<Unit filename="emergeSysMon\DisplayPage.h">
			<Option target="emergeSysMon - Release" />
		</Unit>
		<Unit filename="emergeSysMon\PositionPage.cpp">
			<Option target="emergeSysMon - Release" />
		</Unit>
		<Unit filename="emergeSysMon\PositionPage.dlg">
			<Option target="emergeSysMon - Release" />
		</Unit>
		<Unit filename="emergeSysMon\PositionPage.h">
			<Option target="emergeSysMon - Release" />
		</Unit>
		<Unit filename="emergeSysMon\Settings.cpp">
			<Option target="emergeSysMon - Release" />
		</Unit>
		<Unit filename="emergeSysMon\Settings.h">
			<Option target="emergeSysMon - Release" />
		</Unit>
		<Unit filename="emergeSysMon\emergeSysMon.exe.manifest">
			<Option target="emergeSysMon - Release" />
		</Unit>
		<Unit filename="emergeSysMon\emergeSysMon.rc">
			<Option compilerVar="WINDRES" />
			<Option target="emergeSysMon - Release" />
		</Unit>
		<Unit filename="emergeSysMon\main.cpp">
			<Option target="emergeSysMon - Release" />
		</Unit>
		<Unit filename="emergeSysMon\resource.h">
			<Option target="emergeSysMon - Release" />
		</Unit>
		<Unit filename="emergeTasks\Applet.cpp">
			<Option target="emergeTasks - Release" />
		</Unit>
		<Unit filename="emergeTasks\Applet.h">
			<Option target="emergeTasks - Release" />
		</Unit>
		<Unit filename="emergeTasks\Config.cpp">
			<Option target="emergeTasks - Release" />
		</Unit>
		<Unit filename="emergeTasks\Config.h">
			<Option target="emergeTasks - Release" />
		</Unit>
		<Unit filename="emergeTasks\ConfigPage.cpp">
			<Option target="emergeTasks - Release" />
		</Unit>
		<Unit filename="emergeTasks\ConfigPage.dlg">
			<Option target="emergeTasks - Release" />
		</Unit>
		<Unit filename="emergeTasks\ConfigPage.h">
			<Option target="emergeTasks - Release" />
		</Unit>
		<Unit filename="emergeTasks\Settings.cpp">
			<Option target="emergeTasks - Release" />
		</Unit>
		<Unit filename="emergeTasks\Settings.h">
			<Option target="emergeTasks - Release" />
		</Unit>
		<Unit filename="emergeTasks\Task.cpp">
			<Option target="emergeTasks - Release" />
		</Unit>
		<Unit filename="emergeTasks\Task.h">
			<Option target="emergeTasks - Release" />
		</Unit>
		<Unit filename="emergeTasks\emergeTasks.exe.manifest">
			<Option target="emergeTasks - Release" />
		</Unit>
		<Unit filename="emergeTasks\emergeTasks.rc">
			<Option compilerVar="WINDRES" />
			<Option target="emergeTasks - Release" />
		</Unit>
		<Unit filename="emergeTasks\main.cpp">
			<Option target="emergeTasks - Release" />
		</Unit>
		<Unit filename="emergeTasks\resource.h">
			<Option target="emergeTasks - Release" />
		</Unit>
		<Unit filename="emergeTrayExplorerHook\emergeTrayExplorerHook.cpp">
			<Option target="emergeTrayExplorerHook - Release" />
		</Unit>
		<Unit filename="emergeTrayExplorerHook\emergeTrayExplorerHook.h">
			<Option target="emergeTrayExplorerHook - Release" />
		</Unit>
		<Unit filename="emergeTrayExplorerHook\emergeTrayExplorerHook.rc">
			<Option compilerVar="WINDRES" />
			<Option target="emergeTrayExplorerHook - Release" />
		</Unit>
		<Unit filename="emergeTray\AppBar.cpp">
			<Option target="emergeTray - Release" />
			<Option target="emergeTray - Debug" />
		</Unit>
		<Unit filename="emergeTray\AppBar.h">
			<Option target="emergeTray - Release" />
			<Option target="emergeTray - Debug" />
		</Unit>
		<Unit filename="emergeTray\Applet.cpp">
			<Option target="emergeTray - Release" />
			<Option target="emergeTray - Debug" />
		</Unit>
		<Unit filename="emergeTray\Applet.h">
			<Option target="emergeTray - Release" />
			<Option target="emergeTray - Debug" />
		</Unit>
		<Unit filename="emergeTray\Balloon.cpp">
			<Option target="emergeTray - Release" />
			<Option target="emergeTray - Debug" />
		</Unit>
		<Unit filename="emergeTray\Balloon.h">
			<Option target="emergeTray - Release" />
			<Option target="emergeTray - Debug" />
		</Unit>
		<Unit filename="emergeTray\BalloonPage.cpp">
			<Option target="emergeTray - Release" />
			<Option target="emergeTray - Debug" />
		</Unit>
		<Unit filename="emergeTray\BalloonPage.h">
			<Option target="emergeTray - Release" />
			<Option target="emergeTray - Debug" />
		</Unit>
		<Unit filename="emergeTray\Config.cpp">
			<Option target="emergeTray - Release" />
			<Option target="emergeTray - Debug" />
		</Unit>
		<Unit filename="emergeTray\Config.h">
			<Option target="emergeTray - Release" />
			<Option target="emergeTray - Debug" />
		</Unit>
		<Unit filename="emergeTray\ConfigPage.cpp">
			<Option target="emergeTray - Release" />
			<Option target="emergeTray - Debug" />
		</Unit>
		<Unit filename="emergeTray\ConfigPage.dlg">
			<Option target="emergeTray - Release" />
			<Option target="emergeTray - Debug" />
		</Unit>
		<Unit filename="emergeTray\ConfigPage.h">
			<Option target="emergeTray - Release" />
			<Option target="emergeTray - Debug" />
		</Unit>
		<Unit filename="emergeTray\IconHidePage.cpp">
			<Option target="emergeTray - Release" />
			<Option target="emergeTray - Debug" />
		</Unit>
		<Unit filename="emergeTray\IconHidePage.dlg">
			<Option target="emergeTray - Release" />
			<Option target="emergeTray - Debug" />
		</Unit>
		<Unit filename="emergeTray\IconHidePage.h">
			<Option target="emergeTray - Release" />
			<Option target="emergeTray - Debug" />
		</Unit>
		<Unit filename="emergeTray\Settings.cpp">
			<Option target="emergeTray - Release" />
			<Option target="emergeTray - Debug" />
		</Unit>
		<Unit filename="emergeTray\Settings.h">
			<Option target="emergeTray - Release" />
			<Option target="emergeTray - Debug" />
		</Unit>
		<Unit filename="emergeTray\TrayIcon.cpp">
			<Option target="emergeTray - Release" />
			<Option target="emergeTray - Debug" />
		</Unit>
		<Unit filename="emergeTray\TrayIcon.h">
			<Option target="emergeTray - Release" />
			<Option target="emergeTray - Debug" />
		</Unit>
		<Unit filename="emergeTray\emergeTray.exe.manifest">
			<Option target="emergeTray - Release" />
			<Option target="emergeTray - Debug" />
		</Unit>
		<Unit filename="emergeTray\emergeTray.rc">
			<Option compilerVar="WINDRES" />
			<Option target="emergeTray - Release" />
			<Option target="emergeTray - Debug" />
		</Unit>
		<Unit filename="emergeTray\main.cpp">
			<Option target="emergeTray - Release" />
			<Option target="emergeTray - Debug" />
		</Unit>
		<Unit filename="emergeTray\resource.h">
			<Option target="emergeTray - Release" />
			<Option target="emergeTray - Debug" />
		</Unit>
		<Unit filename="emergeVWM\Applet.cpp">
			<Option target="emergeVWM - Release" />
		</Unit>
		<Unit filename="emergeVWM\Applet.h">
			<Option target="emergeVWM - Release" />
		</Unit>
		<Unit filename="emergeVWM\Config.cpp">
			<Option target="emergeVWM - Release" />
		</Unit>
		<Unit filename="emergeVWM\Config.h">
			<Option target="emergeVWM - Release" />
		</Unit>
		<Unit filename="emergeVWM\ConfigPage.cpp">
			<Option target="emergeVWM - Release" />
		</Unit>
		<Unit filename="emergeVWM\ConfigPage.dlg">
			<Option target="emergeVWM - Release" />
		</Unit>
		<Unit filename="emergeVWM\ConfigPage.h">
			<Option target="emergeVWM - Release" />
		</Unit>
		<Unit filename="emergeVWM\Settings.cpp">
			<Option target="emergeVWM - Release" />
		</Unit>
		<Unit filename="emergeVWM\Settings.h">
			<Option target="emergeVWM - Release" />
		</Unit>
		<Unit filename="emergeVWM\StickyPage.cpp">
			<Option target="emergeVWM - Release" />
		</Unit>
		<Unit filename="emergeVWM\StickyPage.dlg">
			<Option target="emergeVWM - Release" />
		</Unit>
		<Unit filename="emergeVWM\StickyPage.h">
			<Option target="emergeVWM - Release" />
		</Unit>
		<Unit filename="emergeVWM\Task.cpp">
			<Option target="emergeVWM - Release" />
		</Unit>
		<Unit filename="emergeVWM\Task.h">
			<Option target="emergeVWM - Release" />
		</Unit>
		<Unit filename="emergeVWM\emergeVWM.exe.manifest">
			<Option target="emergeVWM - Release" />
		</Unit>
		<Unit filename="emergeVWM\emergeVWM.rc">
			<Option compilerVar="WINDRES" />
			<Option target="emergeVWM - Release" />
		</Unit>
		<Unit filename="emergeVWM\main.cpp">
			<Option target="emergeVWM - Release" />
		</Unit>
		<Unit filename="emergeVWM\resource.h">
			<Option target="emergeVWM - Release" />
		</Unit>
		<Unit filename="emergeWorkspace\Config.cpp">
			<Option target="emergeWorkspace - Release" />
			<Option target="emergeWorkspace - Debug" />
		</Unit>
		<Unit filename="emergeWorkspace\Config.h">
			<Option target="emergeWorkspace - Release" />
			<Option target="emergeWorkspace - Debug" />
		</Unit>
		<Unit filename="emergeWorkspace\ConfigPage.cpp">
			<Option target="emergeWorkspace - Release" />
			<Option target="emergeWorkspace - Debug" />
		</Unit>
		<Unit filename="emergeWorkspace\ConfigPage.dlg">
			<Option target="emergeWorkspace - Release" />
			<Option target="emergeWorkspace - Debug" />
		</Unit>
		<Unit filename="emergeWorkspace\ConfigPage.h">
			<Option target="emergeWorkspace - Release" />
			<Option target="emergeWorkspace - Debug" />
		</Unit>
		<Unit filename="emergeWorkspace\CustomDataObject.cpp">
			<Option target="emergeWorkspace - Release" />
			<Option target="emergeWorkspace - Debug" />
		</Unit>
		<Unit filename="emergeWorkspace\CustomDataObject.h">
			<Option target="emergeWorkspace - Release" />
			<Option target="emergeWorkspace - Debug" />
		</Unit>
		<Unit filename="emergeWorkspace\CustomDropSource.cpp">
			<Option target="emergeWorkspace - Release" />
			<Option target="emergeWorkspace - Debug" />
		</Unit>
		<Unit filename="emergeWorkspace\CustomDropSource.h">
			<Option target="emergeWorkspace - Release" />
			<Option target="emergeWorkspace - Debug" />
		</Unit>
		<Unit filename="emergeWorkspace\CustomDropTarget.cpp">
			<Option target="emergeWorkspace - Release" />
			<Option target="emergeWorkspace - Debug" />
		</Unit>
		<Unit filename="emergeWorkspace\CustomDropTarget.h">
			<Option target="emergeWorkspace - Release" />
			<Option target="emergeWorkspace - Debug" />
		</Unit>
		<Unit filename="emergeWorkspace\ItemEditor.cpp">
			<Option target="emergeWorkspace - Release" />
			<Option target="emergeWorkspace - Debug" />
		</Unit>
		<Unit filename="emergeWorkspace\ItemEditor.h">
			<Option target="emergeWorkspace - Release" />
			<Option target="emergeWorkspace - Debug" />
		</Unit>
		<Unit filename="emergeWorkspace\MenuBuilder.cpp">
			<Option target="emergeWorkspace - Release" />
			<Option target="emergeWorkspace - Debug" />
		</Unit>
		<Unit filename="emergeWorkspace\MenuBuilder.h">
			<Option target="emergeWorkspace - Release" />
			<Option target="emergeWorkspace - Debug" />
		</Unit>
		<Unit filename="emergeWorkspace\MenuEditor.cpp">
			<Option target="emergeWorkspace - Release" />
			<Option target="emergeWorkspace - Debug" />
		</Unit>
		<Unit filename="emergeWorkspace\MenuEditor.dlg">
			<Option target="emergeWorkspace - Release" />
			<Option target="emergeWorkspace - Debug" />
		</Unit>
		<Unit filename="emergeWorkspace\MenuEditor.h">
			<Option target="emergeWorkspace - Release" />
			<Option target="emergeWorkspace - Debug" />
		</Unit>
		<Unit filename="emergeWorkspace\MenuItem.cpp">
			<Option target="emergeWorkspace - Release" />
			<Option target="emergeWorkspace - Debug" />
		</Unit>
		<Unit filename="emergeWorkspace\MenuItem.h">
			<Option target="emergeWorkspace - Release" />
			<Option target="emergeWorkspace - Debug" />
		</Unit>
		<Unit filename="emergeWorkspace\MenuListItem.cpp">
			<Option target="emergeWorkspace - Release" />
			<Option target="emergeWorkspace - Debug" />
		</Unit>
		<Unit filename="emergeWorkspace\MenuListItem.h">
			<Option target="emergeWorkspace - Release" />
			<Option target="emergeWorkspace - Debug" />
		</Unit>
		<Unit filename="emergeWorkspace\Settings.cpp">
			<Option target="emergeWorkspace - Release" />
			<Option target="emergeWorkspace - Debug" />
		</Unit>
		<Unit filename="emergeWorkspace\Settings.h">
			<Option target="emergeWorkspace - Release" />
			<Option target="emergeWorkspace - Debug" />
		</Unit>
		<Unit filename="emergeWorkspace\emergeWorkspace.rc">
			<Option compilerVar="WINDRES" />
			<Option target="emergeWorkspace - Release" />
			<Option target="emergeWorkspace - Debug" />
		</Unit>
		<Unit filename="emergeWorkspace\main.cpp">
			<Option target="emergeWorkspace - Release" />
			<Option target="emergeWorkspace - Debug" />
		</Unit>
		<Unit filename="emergeWorkspace\resource.h">
			<Option target="emergeWorkspace - Release" />
			<Option target="emergeWorkspace - Debug" />
		</Unit>
		<Unit filename="emerge\emerge.exe.manifest">
			<Option target="emerge - Release" />
		</Unit>
		<Unit filename="emerge\emerge.rc">
			<Option compilerVar="WINDRES" />
			<Option target="emerge - Release" />
		</Unit>
		<Unit filename="emerge\main.cpp">
			<Option target="emerge - Release" />
		</Unit>
		<Unit filename="hgversion.h" />
		<Unit filename="reg2xml\AppletSettings.cpp">
			<Option target="reg2xml - Release" />
		</Unit>
		<Unit filename="reg2xml\AppletSettings.h">
			<Option target="reg2xml - Release" />
		</Unit>
		<Unit filename="reg2xml\CommandSettings.cpp">
			<Option target="reg2xml - Release" />
		</Unit>
		<Unit filename="reg2xml\CommandSettings.h">
			<Option target="reg2xml - Release" />
		</Unit>
		<Unit filename="reg2xml\CoreSettings.cpp">
			<Option target="reg2xml - Release" />
		</Unit>
		<Unit filename="reg2xml\CoreSettings.h">
			<Option target="reg2xml - Release" />
		</Unit>
		<Unit filename="reg2xml\DesktopSettings.cpp">
			<Option target="reg2xml - Release" />
		</Unit>
		<Unit filename="reg2xml\DesktopSettings.h">
			<Option target="reg2xml - Release" />
		</Unit>
		<Unit filename="reg2xml\HotkeysSettings.cpp">
			<Option target="reg2xml - Release" />
		</Unit>
		<Unit filename="reg2xml\HotkeysSettings.h">
			<Option target="reg2xml - Release" />
		</Unit>
		<Unit filename="reg2xml\Importer.cpp">
			<Option target="reg2xml - Release" />
		</Unit>
		<Unit filename="reg2xml\Importer.h">
			<Option target="reg2xml - Release" />
		</Unit>
		<Unit filename="reg2xml\LauncherSettings.cpp">
			<Option target="reg2xml - Release" />
		</Unit>
		<Unit filename="reg2xml\LauncherSettings.h">
			<Option target="reg2xml - Release" />
		</Unit>
		<Unit filename="reg2xml\TasksSettings.cpp">
			<Option target="reg2xml - Release" />
		</Unit>
		<Unit filename="reg2xml\TasksSettings.h">
			<Option target="reg2xml - Release" />
		</Unit>
		<Unit filename="reg2xml\TraySettings.cpp">
			<Option target="reg2xml - Release" />
		</Unit>
		<Unit filename="reg2xml\TraySettings.h">
			<Option target="reg2xml - Release" />
		</Unit>
		<Unit filename="reg2xml\VWMSettings.cpp">
			<Option target="reg2xml - Release" />
		</Unit>
		<Unit filename="reg2xml\VWMSettings.h">
			<Option target="reg2xml - Release" />
		</Unit>
		<Unit filename="reg2xml\main.cpp">
			<Option target="reg2xml - Release" />
		</Unit>
		<Unit filename="reg2xml\reg2xml.rc">
			<Option compilerVar="WINDRES" />
			<Option target="reg2xml - Release" />
		</Unit>
		<Unit filename="reg2xml\resource.h">
			<Option target="reg2xml - Release" />
		</Unit>
		<Unit filename="tinyxml\tinystr.cpp">
			<Option target="emergeLib - Release" />
			<Option target="emergeLib - Debug" />
		</Unit>
		<Unit filename="tinyxml\tinystr.h">
			<Option target="emergeLib - Release" />
			<Option target="emergeLib - Debug" />
		</Unit>
		<Unit filename="tinyxml\tinyxml.cpp">
			<Option target="emergeLib - Release" />
			<Option target="emergeLib - Debug" />
		</Unit>
		<Unit filename="tinyxml\tinyxml.h">
			<Option target="emergeLib - Release" />
			<Option target="emergeLib - Debug" />
		</Unit>
		<Unit filename="tinyxml\tinyxmlerror.cpp">
			<Option target="emergeLib - Release" />
			<Option target="emergeLib - Debug" />
		</Unit>
		<Unit filename="tinyxml\tinyxmlparser.cpp">
			<Option target="emergeLib - Release" />
			<Option target="emergeLib - Debug" />
		</Unit>
		<Unit filename="version.h" />
		<Extensions>
			<code_completion />
			<envvars />
			<debugger />
			<DoxyBlocks>
				<comment_style block="0" line="0" />
				<doxyfile_project />
				<doxyfile_build />
				<doxyfile_warnings />
				<doxyfile_output />
				<doxyfile_dot />
				<general />
			</DoxyBlocks>
		</Extensions>
	</Project>
</CodeBlocks_project_file>
