
Microsoft Visual Studio Solution File, Format Version 12.00
# Visual Studio 2013
VisualStudioVersion = 12.0.21005.1
MinimumVisualStudioVersion = 10.0.40219.1
Project("{8BC9CEB8-8B4A-11D0-8D11-00A0C91BC942}") = "emerge", "emerge\emerge.vcxproj", "{3FB7DB1B-BABB-4501-96C8-665EBF9D12CF}"
	ProjectSection(ProjectDependencies) = postProject
		{EBAE60FC-A870-4B5A-9F14-8602416705BD} = {EBAE60FC-A870-4B5A-9F14-8602416705BD}
	EndProjectSection
EndProject
Project("{8BC9CEB8-8B4A-11D0-8D11-00A0C91BC942}") = "emergeAppletEngine", "emergeAppletEngine\emergeAppletEngine.vcxproj", "{BC3325C4-22C1-4618-B528-C7785FDE74C7}"
	ProjectSection(ProjectDependencies) = postProject
		{EBAE60FC-A870-4B5A-9F14-8602416705BD} = {EBAE60FC-A870-4B5A-9F14-8602416705BD}
	EndProjectSection
EndProject
Project("{8BC9CEB8-8B4A-11D0-8D11-00A0C91BC942}") = "emergeBaseClasses", "emergeBaseClasses\emergeBaseClasses.vcxproj", "{258606ED-E1FB-4276-8F68-6B9F4858C04F}"
	ProjectSection(ProjectDependencies) = postProject
		{BC3325C4-22C1-4618-B528-C7785FDE74C7} = {BC3325C4-22C1-4618-B528-C7785FDE74C7}
		{04C6D5E8-DC61-4EC8-AB31-22BA8034F0A7} = {04C6D5E8-DC61-4EC8-AB31-22BA8034F0A7}
		{9FE99AF1-6363-44F4-ACB1-E1963D493E6B} = {9FE99AF1-6363-44F4-ACB1-E1963D493E6B}
		{EBAE60FC-A870-4B5A-9F14-8602416705BD} = {EBAE60FC-A870-4B5A-9F14-8602416705BD}
	EndProjectSection
EndProject
Project("{8BC9CEB8-8B4A-11D0-8D11-00A0C91BC942}") = "emergeCommand", "emergeCommand\emergeCommand.vcxproj", "{273E4774-7C8F-4732-8421-2C5C9F41DF33}"
	ProjectSection(ProjectDependencies) = postProject
		{BC3325C4-22C1-4618-B528-C7785FDE74C7} = {BC3325C4-22C1-4618-B528-C7785FDE74C7}
		{04C6D5E8-DC61-4EC8-AB31-22BA8034F0A7} = {04C6D5E8-DC61-4EC8-AB31-22BA8034F0A7}
		{258606ED-E1FB-4276-8F68-6B9F4858C04F} = {258606ED-E1FB-4276-8F68-6B9F4858C04F}
		{9FE99AF1-6363-44F4-ACB1-E1963D493E6B} = {9FE99AF1-6363-44F4-ACB1-E1963D493E6B}
		{EBAE60FC-A870-4B5A-9F14-8602416705BD} = {EBAE60FC-A870-4B5A-9F14-8602416705BD}
	EndProjectSection
EndProject
Project("{8BC9CEB8-8B4A-11D0-8D11-00A0C91BC942}") = "emergeCore", "emergeCore\emergeCore.vcxproj", "{E6EEE7CD-4C45-444B-9E1B-985167801C04}"
	ProjectSection(ProjectDependencies) = postProject
		{258606ED-E1FB-4276-8F68-6B9F4858C04F} = {258606ED-E1FB-4276-8F68-6B9F4858C04F}
		{EBAE60FC-A870-4B5A-9F14-8602416705BD} = {EBAE60FC-A870-4B5A-9F14-8602416705BD}
	EndProjectSection
EndProject
Project("{8BC9CEB8-8B4A-11D0-8D11-00A0C91BC942}") = "emergeDefaultInternalCommands", "emergeDefaultInternalCommands\emergeDefaultInternalCommands.vcxproj", "{7424B046-0FBE-496F-A9D0-08DD45831DA2}"
	ProjectSection(ProjectDependencies) = postProject
		{EBAE60FC-A870-4B5A-9F14-8602416705BD} = {EBAE60FC-A870-4B5A-9F14-8602416705BD}
	EndProjectSection
EndProject
Project("{8BC9CEB8-8B4A-11D0-8D11-00A0C91BC942}") = "emergeGraphics", "emergeGraphics\emergeGraphics.vcxproj", "{04C6D5E8-DC61-4EC8-AB31-22BA8034F0A7}"
	ProjectSection(ProjectDependencies) = postProject
		{9945C15F-CBD2-45E6-A744-30DEC384F9EF} = {9945C15F-CBD2-45E6-A744-30DEC384F9EF}
		{EBAE60FC-A870-4B5A-9F14-8602416705BD} = {EBAE60FC-A870-4B5A-9F14-8602416705BD}
	EndProjectSection
EndProject
Project("{8BC9CEB8-8B4A-11D0-8D11-00A0C91BC942}") = "emergeHotkeys", "emergeHotkeys\emergeHotkeys.vcxproj", "{14920C22-66C6-469F-BE9A-2409665C35F4}"
	ProjectSection(ProjectDependencies) = postProject
		{258606ED-E1FB-4276-8F68-6B9F4858C04F} = {258606ED-E1FB-4276-8F68-6B9F4858C04F}
		{EBAE60FC-A870-4B5A-9F14-8602416705BD} = {EBAE60FC-A870-4B5A-9F14-8602416705BD}
	EndProjectSection
EndProject
Project("{8BC9CEB8-8B4A-11D0-8D11-00A0C91BC942}") = "emergeIcons", "emergeIcons\emergeIcons.vcxproj", "{9945C15F-CBD2-45E6-A744-30DEC384F9EF}"
EndProject
Project("{8BC9CEB8-8B4A-11D0-8D11-00A0C91BC942}") = "emergeLang", "emergeLang\emergeLang.vcxproj", "{1B2117B4-062B-4F88-A8EC-3A8127CB2647}"
	ProjectSection(ProjectDependencies) = postProject
		{04C6D5E8-DC61-4EC8-AB31-22BA8034F0A7} = {04C6D5E8-DC61-4EC8-AB31-22BA8034F0A7}
		{258606ED-E1FB-4276-8F68-6B9F4858C04F} = {258606ED-E1FB-4276-8F68-6B9F4858C04F}
		{9FE99AF1-6363-44F4-ACB1-E1963D493E6B} = {9FE99AF1-6363-44F4-ACB1-E1963D493E6B}
		{EBAE60FC-A870-4B5A-9F14-8602416705BD} = {EBAE60FC-A870-4B5A-9F14-8602416705BD}
	EndProjectSection
EndProject
Project("{8BC9CEB8-8B4A-11D0-8D11-00A0C91BC942}") = "emergeLauncher", "emergeLauncher\emergeLauncher.vcxproj", "{93A8A1FD-4DBD-450C-A72E-04E6E6360AE9}"
	ProjectSection(ProjectDependencies) = postProject
		{04C6D5E8-DC61-4EC8-AB31-22BA8034F0A7} = {04C6D5E8-DC61-4EC8-AB31-22BA8034F0A7}
		{258606ED-E1FB-4276-8F68-6B9F4858C04F} = {258606ED-E1FB-4276-8F68-6B9F4858C04F}
		{9FE99AF1-6363-44F4-ACB1-E1963D493E6B} = {9FE99AF1-6363-44F4-ACB1-E1963D493E6B}
		{EBAE60FC-A870-4B5A-9F14-8602416705BD} = {EBAE60FC-A870-4B5A-9F14-8602416705BD}
	EndProjectSection
EndProject
Project("{8BC9CEB8-8B4A-11D0-8D11-00A0C91BC942}") = "emergeLib", "emergeLib\emergeLib.vcxproj", "{EBAE60FC-A870-4B5A-9F14-8602416705BD}"
EndProject
Project("{8BC9CEB8-8B4A-11D0-8D11-00A0C91BC942}") = "emergePower", "emergePower\emergePower.vcxproj", "{D5939FCB-F96C-4D97-9F44-93EDE08AE5C9}"
	ProjectSection(ProjectDependencies) = postProject
		{04C6D5E8-DC61-4EC8-AB31-22BA8034F0A7} = {04C6D5E8-DC61-4EC8-AB31-22BA8034F0A7}
		{258606ED-E1FB-4276-8F68-6B9F4858C04F} = {258606ED-E1FB-4276-8F68-6B9F4858C04F}
		{9FE99AF1-6363-44F4-ACB1-E1963D493E6B} = {9FE99AF1-6363-44F4-ACB1-E1963D493E6B}
		{EBAE60FC-A870-4B5A-9F14-8602416705BD} = {EBAE60FC-A870-4B5A-9F14-8602416705BD}
	EndProjectSection
EndProject
Project("{8BC9CEB8-8B4A-11D0-8D11-00A0C91BC942}") = "emergeStyleEngine", "emergeStyleEngine\emergeStyleEngine.vcxproj", "{9FE99AF1-6363-44F4-ACB1-E1963D493E6B}"
	ProjectSection(ProjectDependencies) = postProject
		{04C6D5E8-DC61-4EC8-AB31-22BA8034F0A7} = {04C6D5E8-DC61-4EC8-AB31-22BA8034F0A7}
	EndProjectSection
EndProject
Project("{8BC9CEB8-8B4A-11D0-8D11-00A0C91BC942}") = "emergeSysMon", "emergeSysMon\emergeSysMon.vcxproj", "{85828154-0195-417C-B01B-8B5C7CBAB583}"
	ProjectSection(ProjectDependencies) = postProject
		{04C6D5E8-DC61-4EC8-AB31-22BA8034F0A7} = {04C6D5E8-DC61-4EC8-AB31-22BA8034F0A7}
		{258606ED-E1FB-4276-8F68-6B9F4858C04F} = {258606ED-E1FB-4276-8F68-6B9F4858C04F}
		{9FE99AF1-6363-44F4-ACB1-E1963D493E6B} = {9FE99AF1-6363-44F4-ACB1-E1963D493E6B}
		{EBAE60FC-A870-4B5A-9F14-8602416705BD} = {EBAE60FC-A870-4B5A-9F14-8602416705BD}
	EndProjectSection
EndProject
Project("{8BC9CEB8-8B4A-11D0-8D11-00A0C91BC942}") = "emergeTray", "emergeTray\emergeTray.vcxproj", "{E39F278B-7069-4CD9-A4CD-3393CAE608E0}"
	ProjectSection(ProjectDependencies) = postProject
		{14F2B4E4-0A92-4BB4-9CE6-8BB1EEC6E4EA} = {14F2B4E4-0A92-4BB4-9CE6-8BB1EEC6E4EA}
		{04C6D5E8-DC61-4EC8-AB31-22BA8034F0A7} = {04C6D5E8-DC61-4EC8-AB31-22BA8034F0A7}
		{258606ED-E1FB-4276-8F68-6B9F4858C04F} = {258606ED-E1FB-4276-8F68-6B9F4858C04F}
		{9FE99AF1-6363-44F4-ACB1-E1963D493E6B} = {9FE99AF1-6363-44F4-ACB1-E1963D493E6B}
		{EBAE60FC-A870-4B5A-9F14-8602416705BD} = {EBAE60FC-A870-4B5A-9F14-8602416705BD}
	EndProjectSection
EndProject
Project("{8BC9CEB8-8B4A-11D0-8D11-00A0C91BC942}") = "emergeTrayExplorerHook", "emergeTrayExplorerHook\emergeTrayExplorerHook.vcxproj", "{14F2B4E4-0A92-4BB4-9CE6-8BB1EEC6E4EA}"
EndProject
Project("{8BC9CEB8-8B4A-11D0-8D11-00A0C91BC942}") = "emergeVWM", "emergeVWM\emergeVWM.vcxproj", "{E5B01D6E-7C86-4AB5-835F-46EAC9EF8B80}"
	ProjectSection(ProjectDependencies) = postProject
		{BC3325C4-22C1-4618-B528-C7785FDE74C7} = {BC3325C4-22C1-4618-B528-C7785FDE74C7}
		{04C6D5E8-DC61-4EC8-AB31-22BA8034F0A7} = {04C6D5E8-DC61-4EC8-AB31-22BA8034F0A7}
		{258606ED-E1FB-4276-8F68-6B9F4858C04F} = {258606ED-E1FB-4276-8F68-6B9F4858C04F}
		{9FE99AF1-6363-44F4-ACB1-E1963D493E6B} = {9FE99AF1-6363-44F4-ACB1-E1963D493E6B}
		{EBAE60FC-A870-4B5A-9F14-8602416705BD} = {EBAE60FC-A870-4B5A-9F14-8602416705BD}
	EndProjectSection
EndProject
Project("{8BC9CEB8-8B4A-11D0-8D11-00A0C91BC942}") = "Explorer", "Explorer\Explorer.vcxproj", "{C29B91F8-F9E1-4DD4-BC5F-C8406534A6E0}"
	ProjectSection(ProjectDependencies) = postProject
		{EBAE60FC-A870-4B5A-9F14-8602416705BD} = {EBAE60FC-A870-4B5A-9F14-8602416705BD}
	EndProjectSection
EndProject
Project("{8BC9CEB8-8B4A-11D0-8D11-00A0C91BC942}") = "emergeTasks", "emergeTasks\emergeTasks.vcxproj", "{5167ACA4-4042-41B3-A690-F469902731E5}"
	ProjectSection(ProjectDependencies) = postProject
		{BC3325C4-22C1-4618-B528-C7785FDE74C7} = {BC3325C4-22C1-4618-B528-C7785FDE74C7}
		{04C6D5E8-DC61-4EC8-AB31-22BA8034F0A7} = {04C6D5E8-DC61-4EC8-AB31-22BA8034F0A7}
		{258606ED-E1FB-4276-8F68-6B9F4858C04F} = {258606ED-E1FB-4276-8F68-6B9F4858C04F}
		{9FE99AF1-6363-44F4-ACB1-E1963D493E6B} = {9FE99AF1-6363-44F4-ACB1-E1963D493E6B}
		{EBAE60FC-A870-4B5A-9F14-8602416705BD} = {EBAE60FC-A870-4B5A-9F14-8602416705BD}
	EndProjectSection
EndProject
Project("{8BC9CEB8-8B4A-11D0-8D11-00A0C91BC942}") = "emergeWorkspace", "emergeWorkspace\emergeWorkspace.vcxproj", "{214E70F2-2776-4507-A8F3-7E073B60B476}"
	ProjectSection(ProjectDependencies) = postProject
		{EBAE60FC-A870-4B5A-9F14-8602416705BD} = {EBAE60FC-A870-4B5A-9F14-8602416705BD}
	EndProjectSection
EndProject
Global
	GlobalSection(SolutionConfigurationPlatforms) = preSolution
		Debug|Win32 = Debug|Win32
		Release|Win32 = Release|Win32
	EndGlobalSection
	GlobalSection(ProjectConfigurationPlatforms) = postSolution
		{3FB7DB1B-BABB-4501-96C8-665EBF9D12CF}.Debug|Win32.ActiveCfg = Debug|Win32
		{3FB7DB1B-BABB-4501-96C8-665EBF9D12CF}.Debug|Win32.Build.0 = Debug|Win32
		{3FB7DB1B-BABB-4501-96C8-665EBF9D12CF}.Release|Win32.ActiveCfg = Release|Win32
		{3FB7DB1B-BABB-4501-96C8-665EBF9D12CF}.Release|Win32.Build.0 = Release|Win32
		{BC3325C4-22C1-4618-B528-C7785FDE74C7}.Debug|Win32.ActiveCfg = Debug|Win32
		{BC3325C4-22C1-4618-B528-C7785FDE74C7}.Debug|Win32.Build.0 = Debug|Win32
		{BC3325C4-22C1-4618-B528-C7785FDE74C7}.Release|Win32.ActiveCfg = Release|Win32
		{BC3325C4-22C1-4618-B528-C7785FDE74C7}.Release|Win32.Build.0 = Release|Win32
		{258606ED-E1FB-4276-8F68-6B9F4858C04F}.Debug|Win32.ActiveCfg = Debug|Win32
		{258606ED-E1FB-4276-8F68-6B9F4858C04F}.Debug|Win32.Build.0 = Debug|Win32
		{258606ED-E1FB-4276-8F68-6B9F4858C04F}.Release|Win32.ActiveCfg = Release|Win32
		{258606ED-E1FB-4276-8F68-6B9F4858C04F}.Release|Win32.Build.0 = Release|Win32
		{273E4774-7C8F-4732-8421-2C5C9F41DF33}.Debug|Win32.ActiveCfg = Debug|Win32
		{273E4774-7C8F-4732-8421-2C5C9F41DF33}.Debug|Win32.Build.0 = Debug|Win32
		{273E4774-7C8F-4732-8421-2C5C9F41DF33}.Release|Win32.ActiveCfg = Release|Win32
		{273E4774-7C8F-4732-8421-2C5C9F41DF33}.Release|Win32.Build.0 = Release|Win32
		{E6EEE7CD-4C45-444B-9E1B-985167801C04}.Debug|Win32.ActiveCfg = Debug|Win32
		{E6EEE7CD-4C45-444B-9E1B-985167801C04}.Debug|Win32.Build.0 = Debug|Win32
		{E6EEE7CD-4C45-444B-9E1B-985167801C04}.Release|Win32.ActiveCfg = Release|Win32
		{E6EEE7CD-4C45-444B-9E1B-985167801C04}.Release|Win32.Build.0 = Release|Win32
		{7424B046-0FBE-496F-A9D0-08DD45831DA2}.Debug|Win32.ActiveCfg = Debug|Win32
		{7424B046-0FBE-496F-A9D0-08DD45831DA2}.Debug|Win32.Build.0 = Debug|Win32
		{7424B046-0FBE-496F-A9D0-08DD45831DA2}.Release|Win32.ActiveCfg = Release|Win32
		{7424B046-0FBE-496F-A9D0-08DD45831DA2}.Release|Win32.Build.0 = Release|Win32
		{04C6D5E8-DC61-4EC8-AB31-22BA8034F0A7}.Debug|Win32.ActiveCfg = Debug|Win32
		{04C6D5E8-DC61-4EC8-AB31-22BA8034F0A7}.Debug|Win32.Build.0 = Debug|Win32
		{04C6D5E8-DC61-4EC8-AB31-22BA8034F0A7}.Release|Win32.ActiveCfg = Release|Win32
		{04C6D5E8-DC61-4EC8-AB31-22BA8034F0A7}.Release|Win32.Build.0 = Release|Win32
		{14920C22-66C6-469F-BE9A-2409665C35F4}.Debug|Win32.ActiveCfg = Debug|Win32
		{14920C22-66C6-469F-BE9A-2409665C35F4}.Debug|Win32.Build.0 = Debug|Win32
		{14920C22-66C6-469F-BE9A-2409665C35F4}.Release|Win32.ActiveCfg = Release|Win32
		{14920C22-66C6-469F-BE9A-2409665C35F4}.Release|Win32.Build.0 = Release|Win32
		{9945C15F-CBD2-45E6-A744-30DEC384F9EF}.Debug|Win32.ActiveCfg = Debug|Win32
		{9945C15F-CBD2-45E6-A744-30DEC384F9EF}.Debug|Win32.Build.0 = Debug|Win32
		{9945C15F-CBD2-45E6-A744-30DEC384F9EF}.Release|Win32.ActiveCfg = Release|Win32
		{9945C15F-CBD2-45E6-A744-30DEC384F9EF}.Release|Win32.Build.0 = Release|Win32
		{1B2117B4-062B-4F88-A8EC-3A8127CB2647}.Debug|Win32.ActiveCfg = Debug|Win32
		{1B2117B4-062B-4F88-A8EC-3A8127CB2647}.Debug|Win32.Build.0 = Debug|Win32
		{1B2117B4-062B-4F88-A8EC-3A8127CB2647}.Release|Win32.ActiveCfg = Release|Win32
		{1B2117B4-062B-4F88-A8EC-3A8127CB2647}.Release|Win32.Build.0 = Release|Win32
		{93A8A1FD-4DBD-450C-A72E-04E6E6360AE9}.Debug|Win32.ActiveCfg = Debug|Win32
		{93A8A1FD-4DBD-450C-A72E-04E6E6360AE9}.Debug|Win32.Build.0 = Debug|Win32
		{93A8A1FD-4DBD-450C-A72E-04E6E6360AE9}.Release|Win32.ActiveCfg = Release|Win32
		{93A8A1FD-4DBD-450C-A72E-04E6E6360AE9}.Release|Win32.Build.0 = Release|Win32
		{EBAE60FC-A870-4B5A-9F14-8602416705BD}.Debug|Win32.ActiveCfg = Debug|Win32
		{EBAE60FC-A870-4B5A-9F14-8602416705BD}.Debug|Win32.Build.0 = Debug|Win32
		{EBAE60FC-A870-4B5A-9F14-8602416705BD}.Release|Win32.ActiveCfg = Release|Win32
		{EBAE60FC-A870-4B5A-9F14-8602416705BD}.Release|Win32.Build.0 = Release|Win32
		{D5939FCB-F96C-4D97-9F44-93EDE08AE5C9}.Debug|Win32.ActiveCfg = Debug|Win32
		{D5939FCB-F96C-4D97-9F44-93EDE08AE5C9}.Debug|Win32.Build.0 = Debug|Win32
		{D5939FCB-F96C-4D97-9F44-93EDE08AE5C9}.Release|Win32.ActiveCfg = Release|Win32
		{D5939FCB-F96C-4D97-9F44-93EDE08AE5C9}.Release|Win32.Build.0 = Release|Win32
		{9FE99AF1-6363-44F4-ACB1-E1963D493E6B}.Debug|Win32.ActiveCfg = Debug|Win32
		{9FE99AF1-6363-44F4-ACB1-E1963D493E6B}.Debug|Win32.Build.0 = Debug|Win32
		{9FE99AF1-6363-44F4-ACB1-E1963D493E6B}.Release|Win32.ActiveCfg = Release|Win32
		{9FE99AF1-6363-44F4-ACB1-E1963D493E6B}.Release|Win32.Build.0 = Release|Win32
		{85828154-0195-417C-B01B-8B5C7CBAB583}.Debug|Win32.ActiveCfg = Debug|Win32
		{85828154-0195-417C-B01B-8B5C7CBAB583}.Debug|Win32.Build.0 = Debug|Win32
		{85828154-0195-417C-B01B-8B5C7CBAB583}.Release|Win32.ActiveCfg = Release|Win32
		{85828154-0195-417C-B01B-8B5C7CBAB583}.Release|Win32.Build.0 = Release|Win32
		{E39F278B-7069-4CD9-A4CD-3393CAE608E0}.Debug|Win32.ActiveCfg = Debug|Win32
		{E39F278B-7069-4CD9-A4CD-3393CAE608E0}.Debug|Win32.Build.0 = Debug|Win32
		{E39F278B-7069-4CD9-A4CD-3393CAE608E0}.Release|Win32.ActiveCfg = Release|Win32
		{E39F278B-7069-4CD9-A4CD-3393CAE608E0}.Release|Win32.Build.0 = Release|Win32
		{14F2B4E4-0A92-4BB4-9CE6-8BB1EEC6E4EA}.Debug|Win32.ActiveCfg = Debug|Win32
		{14F2B4E4-0A92-4BB4-9CE6-8BB1EEC6E4EA}.Debug|Win32.Build.0 = Debug|Win32
		{14F2B4E4-0A92-4BB4-9CE6-8BB1EEC6E4EA}.Release|Win32.ActiveCfg = Release|Win32
		{14F2B4E4-0A92-4BB4-9CE6-8BB1EEC6E4EA}.Release|Win32.Build.0 = Release|Win32
		{E5B01D6E-7C86-4AB5-835F-46EAC9EF8B80}.Debug|Win32.ActiveCfg = Debug|Win32
		{E5B01D6E-7C86-4AB5-835F-46EAC9EF8B80}.Debug|Win32.Build.0 = Debug|Win32
		{E5B01D6E-7C86-4AB5-835F-46EAC9EF8B80}.Release|Win32.ActiveCfg = Release|Win32
		{E5B01D6E-7C86-4AB5-835F-46EAC9EF8B80}.Release|Win32.Build.0 = Release|Win32
		{C29B91F8-F9E1-4DD4-BC5F-C8406534A6E0}.Debug|Win32.ActiveCfg = Debug|Win32
		{C29B91F8-F9E1-4DD4-BC5F-C8406534A6E0}.Debug|Win32.Build.0 = Debug|Win32
		{C29B91F8-F9E1-4DD4-BC5F-C8406534A6E0}.Release|Win32.ActiveCfg = Release|Win32
		{C29B91F8-F9E1-4DD4-BC5F-C8406534A6E0}.Release|Win32.Build.0 = Release|Win32
		{5167ACA4-4042-41B3-A690-F469902731E5}.Debug|Win32.ActiveCfg = Debug|Win32
		{5167ACA4-4042-41B3-A690-F469902731E5}.Debug|Win32.Build.0 = Debug|Win32
		{5167ACA4-4042-41B3-A690-F469902731E5}.Release|Win32.ActiveCfg = Release|Win32
		{5167ACA4-4042-41B3-A690-F469902731E5}.Release|Win32.Build.0 = Release|Win32
		{214E70F2-2776-4507-A8F3-7E073B60B476}.Debug|Win32.ActiveCfg = Debug|Win32
		{214E70F2-2776-4507-A8F3-7E073B60B476}.Debug|Win32.Build.0 = Debug|Win32
		{214E70F2-2776-4507-A8F3-7E073B60B476}.Release|Win32.ActiveCfg = Release|Win32
		{214E70F2-2776-4507-A8F3-7E073B60B476}.Release|Win32.Build.0 = Release|Win32
	EndGlobalSection
	GlobalSection(SolutionProperties) = preSolution
		HideSolutionNode = FALSE
	EndGlobalSection
EndGlobal
