<?xml version="1.0" encoding="UTF-8" standalone="yes" ?>
<CodeBlocks_project_file>
	<FileVersion major="1" minor="6" />
	<Project>
		<Option title="emergeTasks" />
		<Option pch_mode="2" />
		<Option compiler="gcc" />
		<Build>
			<Target title="Debug">
				<Option output="..\bin\emergeTasks" prefix_auto="1" extension_auto="1" />
				<Option object_output="obj\Debug\" />
				<Option type="0" />
				<Option compiler="gcc" />
				<Compiler>
					<Add option="-g" />
				</Compiler>
				<Linker>
					<Add option="-L..\bin" />
				</Linker>
			</Target>
			<Target title="Release">
				<Option output="..\bin\emergeTasks" prefix_auto="1" extension_auto="1" />
				<Option object_output="obj\Release\" />
				<Option type="0" />
				<Option compiler="gcc" />
				<Compiler>
					<Add option="-O2" />
				</Compiler>
				<Linker>
					<Add option="-s" />
					<Add option="-L..\bin" />
				</Linker>
			</Target>
			<Target title="Debug64">
				<Option output="..\bin64\emergeTasks" prefix_auto="1" extension_auto="1" />
				<Option object_output="obj64\Debug\" />
				<Option type="0" />
				<Option compiler="gnu_gcc_compiler_for_mingw64" />
				<Compiler>
					<Add option="-g" />
				</Compiler>
				<Linker>
					<Add option="-L..\bin64" />
				</Linker>
			</Target>
			<Target title="Release64">
				<Option output="..\bin64\emergeTasks" prefix_auto="1" extension_auto="1" />
				<Option object_output="obj64\Release\" />
				<Option type="0" />
				<Option compiler="gnu_gcc_compiler_for_mingw64" />
				<Compiler>
					<Add option="-O2" />
				</Compiler>
				<Linker>
					<Add option="-s" />
					<Add option="-L..\bin64" />
				</Linker>
			</Target>
		</Build>
		<Compiler>
			<Add option="-pedantic" />
			<Add option="-Wfatal-errors" />
			<Add option="-Wextra" />
			<Add option="-Wall" />
		</Compiler>
		<Linker>
			<Add library="emergeBaseClasses" />
			<Add library="emergeStyleEngine" />
			<Add library="emergeLib" />
			<Add library="emergeGraphics" />
			<Add library="emergeAppletEngine" />
			<Add library="comctl32" />
		</Linker>
		<ExtraCommands>
			<Add before='[[ IO.Execute(_T(&quot;cmd /c \&quot;cd.. &amp; hgversion.bat\&quot;&quot;)) ]]' />
		</ExtraCommands>
		<Unit filename="..\version.h" />
		<Unit filename="Applet.cpp" />
		<Unit filename="Applet.h" />
		<Unit filename="Config.cpp" />
		<Unit filename="Config.h" />
		<Unit filename="ConfigPage.cpp" />
		<Unit filename="ConfigPage.dlg" />
		<Unit filename="ConfigPage.h" />
		<Unit filename="Settings.cpp" />
		<Unit filename="Settings.h" />
		<Unit filename="Task.cpp" />
		<Unit filename="Task.h" />
		<Unit filename="emergeTasks.rc">
			<Option compilerVar="WINDRES" />
		</Unit>
		<Unit filename="main.cpp" />
		<Unit filename="resource.h" />
		<Extensions>
			<code_completion />
			<envvars />
			<debugger />
		</Extensions>
	</Project>
</CodeBlocks_project_file>
