
Microsoft Visual Studio Solution File, Format Version 10.00
# Visual C++ Express 2008
Project("{8BC9CEB8-8B4A-11D0-8D11-00A0C91BC942}") = "emergeTray", "emergeTray.vcproj", "{8A20182F-2A22-4458-BBC6-384FB4855D89}"
EndProject
Global
	GlobalSection(SolutionConfigurationPlatforms) = preSolution
		Debug|Win32 = Debug|Win32
		Release|Win32 = Release|Win32
	EndGlobalSection
	GlobalSection(ProjectConfigurationPlatforms) = postSolution
		{8A20182F-2A22-4458-BBC6-384FB4855D89}.Debug|Win32.ActiveCfg = Debug|Win32
		{8A20182F-2A22-4458-BBC6-384FB4855D89}.Debug|Win32.Build.0 = Debug|Win32
		{8A20182F-2A22-4458-BBC6-384FB4855D89}.Release|Win32.ActiveCfg = Release|Win32
		{8A20182F-2A22-4458-BBC6-384FB4855D89}.Release|Win32.Build.0 = Release|Win32
	EndGlobalSection
	GlobalSection(SolutionProperties) = preSolution
		HideSolutionNode = FALSE
	EndGlobalSection
EndGlobal
